version = 1
revision = 3
requires-python = "==3.14.*"

[[package]]
name = "bambu-spoolman"
version = "0.1.0"
source = { editable = "." }
dependencies = [
    { name = "grpcio" },
    { name = "loguru" },
    { name = "paho-mqtt" },
    { name = "protobuf" },
    { name = "python-dotenv" },
    { name = "requests" },
]

[package.dev-dependencies]
dev = [
    { name = "grpcio-tools" },
    { name = "ruff" },
    { name = "setuptools" },
]

[package.metadata]
requires-dist = [
    { name = "grpcio", specifier = ">=1.76.0" },
    { name = "loguru", specifier = ">=0.7.3,<0.8" },
    { name = "paho-mqtt", specifier = ">=2.1.0,<3" },
    { name = "protobuf", specifier = ">=6.33.5" },
    { name = "python-dotenv", specifier = ">=1.2.2,<2" },
    { name = "requests", specifier = ">=2.34.2,<3" },
]

[package.metadata.requires-dev]
dev = [
    { name = "grpcio-tools", specifier = ">=1.76.0" },
    { name = "ruff", specifier = ">=0.16.5,<0.17" },
    { name = "setuptools", specifier = ">=83.0.0" },
]

[[package]]
name = "certifi"
version = "2026.7.22"
source = { registry = "https://pypi.org/simple" }
sdist = { url = "https://files.pythonhosted.org/packages/a3/c2/24167ea9858356b47a87a50d39908bfdb72ceeefe0041586e704e5376b3a/certifi-2026.7.22.tar.gz", hash = "sha256:741e2c3b351ddf169a738da9f2c048608ff7f2c5cc02f1ebc6b118bb090d5d55", size = 138112, upload-time = "2026-07-22T03:35:12.644Z" }
wheels = [
    { url = "https://files.pythonhosted.org/packages/0b/a7/71ac2cff56fec219ed242bb11b8efb69fcc4bec75db06fb7bfe35de520e6/certifi-2026.7.22-py3-none-any.whl", hash = "sha256:62f22742b58a1a33014a2b6b706588a8d7e2a88ae7bd1a6ebe8c992928483775", size = 136983, upload-time = "2026-07-22T03:35:11.276Z" },
]

[[package]]
name = "charset-normalizer"
version = "3.5.0"
source = { registry = "https://pypi.org/simple" }
sdist = { url = "https://files.pythonhosted.org/packages/cb/31/4971872b3ed8715346231fb6eb4da8fcba65a4143c189db151ee28a2812b/charset_normalizer-3.5.0.tar.gz", hash = "sha256:49bd5feb59b0bf3cbf6ebcf4352e371c95b9da9bacd4449f8b64d0ad2c10a26e", size = 169295, upload-time = "2026-08-12T14:35:31.624Z" }
wheels = [
    { url = "https://files.pythonhosted.org/packages/43/14/d098868dac5ff27e0258f548b1c74c6484be528384965d8fcf8fc6a4011d/charset_normalizer-3.5.0-cp314-cp314-android_24_arm64_v8a.whl", hash = "sha256:d95244906ed69d0f79f190893c65e336c15959003e21449256dc05c001b52ea2", size = 211664, upload-time = "2026-08-12T14:33:14.153Z" },
    { url = "https://files.pythonhosted.org/packages/e7/da/a944b32a46601ae5a4c3499e8d64ecd14fe82313f00da74dcdf00273a0b4/charset_normalizer-3.5.0-cp314-cp314-android_24_x86_64.whl", hash = "sha256:d788e2ded0c4c47efa4d73cfe59eaf975ee32f425219873d2cb3e3fbaa00f636", size = 224375, upload-time = "2026-08-12T14:33:15.472Z" },
    { url = "https://files.pythonhosted.org/packages/f7/db/eabb5996be2f529744755e7b2fc9396eff4a64961f034e7fd49d54b9afb2/charset_normalizer-3.5.0-cp314-cp314-ios_13_0_arm64_iphoneos.whl", hash = "sha256:f9f91d3e8382900f3a68fa0ce94294479de9cd2de6bc0c70acd0f0dfd511836b", size = 194364, upload-time = "2026-08-12T14:33:16.607Z" },
    { url = "https://files.pythonhosted.org/packages/78/65/4ad3c5be108930310d8003f5602861d5b89f728293b9f09c3a4837f7ba10/charset_normalizer-3.5.0-cp314-cp314-ios_13_0_arm64_iphonesimulator.whl", hash = "sha256:d54625cbf4e6b60bf0639728cb8b4cb541e340f6d7cafae5806051a40ddf4c45", size = 197643, upload-time = "2026-08-12T14:33:17.88Z" },
    { url = "https://files.pythonhosted.org/packages/3d/39/8fee3201b98d52289be60a775797d69be05a04fb6cfb48c1587dad33e649/charset_normalizer-3.5.0-cp314-cp314-macosx_10_15_universal2.whl", hash = "sha256:1f99a8c3a1da5d955edbad18208b3d627bdd54c48a6e739fa877bdca98c686d6", size = 341384, upload-time = "2026-08-12T14:33:19.239Z" },
    { url = "https://files.pythonhosted.org/packages/a7/dd/9e757101d1f76c35c0643684ba499ac3a181fb2b264c68174bf727d627e8/charset_normalizer-3.5.0-cp314-cp314-manylinux2014_aarch64.manylinux_2_17_aarch64.manylinux_2_28_aarch64.whl", hash = "sha256:bf1e75dc07a3850b53d1e5f75e04d3ae12afe56284be7821771eaa2466350c73", size = 241637, upload-time = "2026-08-12T14:33:20.619Z" },
    { url = "https://files.pythonhosted.org/packages/eb/e4/7857023015400bc4aa0a82fbcca29fa2dc7ec25f971a130764cb2dc7a589/charset_normalizer-3.5.0-cp314-cp314-manylinux2014_armv7l.manylinux_2_17_armv7l.manylinux_2_31_armv7l.whl", hash = "sha256:ac5a9cc079c67d75f4ddf343276031879eadbb333d1bb231cce297b8d7b9aae8", size = 226170, upload-time = "2026-08-12T14:33:21.773Z" },
    { url = "https://files.pythonhosted.org/packages/7d/ae/8b52935b304f7b6bbf33151ed2b75266b09aa4b6f8f04230d948885b2577/charset_normalizer-3.5.0-cp314-cp314-manylinux2014_ppc64le.manylinux_2_17_ppc64le.manylinux_2_28_ppc64le.whl", hash = "sha256:0dfe83c1b4d00abbf433998117a14f56a5c2bc68226c0d331709eed0d1ce539b", size = 265093, upload-time = "2026-08-12T14:33:22.999Z" },
    { url = "https://files.pythonhosted.org/packages/dc/78/6e838f6bb059f2c0afc60a4e7f294252f043c254656ad4114c50302cae4d/charset_normalizer-3.5.0-cp314-cp314-manylinux2014_s390x.manylinux_2_17_s390x.manylinux_2_28_s390x.whl", hash = "sha256:e4e8fa586df2208ef040684751345f10f503834a757c9a74ecd19c1a2f9b1ccd", size = 262789, upload-time = "2026-08-12T14:33:24.214Z" },
    { url = "https://files.pythonhosted.org/packages/c2/08/189b27e51fddc9d6b3695331da0e31792c1d88b953ad854e57f06e9b2cc8/charset_normalizer-3.5.0-cp314-cp314-manylinux2014_x86_64.manylinux_2_17_x86_64.manylinux_2_28_x86_64.whl", hash = "sha256:82cc5835997ec78afe293a192e385099355770a7db94b2fb1239d36b32796f1c", size = 250580, upload-time = "2026-08-12T14:33:25.707Z" },
    { url = "https://files.pythonhosted.org/packages/ac/55/64854e99b25841f83e8e37d9df2f3d1f96f693439f80e5fabd542a7e47ab/charset_normalizer-3.5.0-cp314-cp314-manylinux_2_31_riscv64.manylinux_2_39_riscv64.whl", hash = "sha256:19e52bda45086df8a4be4bb5910af6f5d9d3b538c78712c8ae09ef10b85bf458", size = 245008, upload-time = "2026-08-12T14:33:26.971Z" },
    { url = "https://files.pythonhosted.org/packages/4f/01/7720c904fa635d4260b4dced6029cf3d298c57b26741365d5a8d28c54043/charset_normalizer-3.5.0-cp314-cp314-musllinux_1_2_aarch64.whl", hash = "sha256:3418edd0ecb72a0a3861cf72f31be0ad9b7fe338ce2b58fb5cc80b9aeb792700", size = 243892, upload-time = "2026-08-12T14:33:28.237Z" },
    { url = "https://files.pythonhosted.org/packages/70/50/7bfcb327631d4870c720872b548745f6ec8baa044d51c21b5d1d32ac4e3a/charset_normalizer-3.5.0-cp314-cp314-musllinux_1_2_armv7l.whl", hash = "sha256:125ee619611019471b177c70bc3e9d4cda9fad7e01d93523501d3b188df0193a", size = 230996, upload-time = "2026-08-12T14:33:29.511Z" },
    { url = "https://files.pythonhosted.org/packages/24/51/40c45d6d940c04005ed721aa54bdebf1ebb2930f8a2ae537e8d60484fb27/charset_normalizer-3.5.0-cp314-cp314-musllinux_1_2_ppc64le.whl", hash = "sha256:a3ad0e3da22852533858663848608f3f24c0d35e5cde415a4903476f2b4c88ec", size = 265834, upload-time = "2026-08-12T14:33:30.689Z" },
    { url = "https://files.pythonhosted.org/packages/eb/d4/ef7a227ef89d215b47f9df79c3966610b17faa13bb2f236989207a631622/charset_normalizer-3.5.0-cp314-cp314-musllinux_1_2_riscv64.whl", hash = "sha256:4ebebb410bc517e1d284c52a123e82704b21e4e7e26a21ebecf7439d0647b8a3", size = 245544, upload-time = "2026-08-12T14:33:31.859Z" },
    { url = "https://files.pythonhosted.org/packages/37/a9/a4ca9156964ded61c7718eba410ce11be2fd2b263fda4bcf08367b6578cd/charset_normalizer-3.5.0-cp314-cp314-musllinux_1_2_s390x.whl", hash = "sha256:91f9f7c151e772acebe489eaec96e96a2877202d7dd144e3f96b8676881715a0", size = 264110, upload-time = "2026-08-12T14:33:33.13Z" },
    { url = "https://files.pythonhosted.org/packages/38/6a/838364bb8702229c6e5f8b23f80ff0f052a12dfaf3113a12fd6acbe92a44/charset_normalizer-3.5.0-cp314-cp314-musllinux_1_2_x86_64.whl", hash = "sha256:401ea6e7af9e7852ed818f64714b579c1935482049670847ca3bd7ba45dc63fb", size = 252303, upload-time = "2026-08-12T14:33:34.98Z" },
    { url = "https://files.pythonhosted.org/packages/9c/5f/d88032edce951f499a2321cf7ae0d35a043c74be12bc22d81084cc7afbcc/charset_normalizer-3.5.0-cp314-cp314-pyemscripten_2026_0_wasm32.whl", hash = "sha256:f7496aed56b06325a1ad419c5bf23c6dd042558e874f71dd1b958f3e255f3053", size = 139964, upload-time = "2026-08-12T14:33:36.195Z" },
    { url = "https://files.pythonhosted.org/packages/37/ae/1c4a46b6b00d1c34d2ee355ef99ad6173674166800d1af0f05f85028d513/charset_normalizer-3.5.0-cp314-cp314-win32.whl", hash = "sha256:606a86c1c3196f3738de39a67a7490bbd61cb31c0e0436070bd0c6a48170b38e", size = 179790, upload-time = "2026-08-12T14:33:37.356Z" },
    { url = "https://files.pythonhosted.org/packages/01/51/f94dcf34fa8eba48c1fb89b6490a5f1426e19488fe5f38aac6c648c99057/charset_normalizer-3.5.0-cp314-cp314-win_amd64.whl", hash = "sha256:ec6c464cf45867f66a2273e2214d9199a8fbad5cb95ca0fd45f6a2fe1d9d2cf4", size = 203723, upload-time = "2026-08-12T14:33:38.639Z" },
    { url = "https://files.pythonhosted.org/packages/9f/ba/91d386870b5d9e4b0d8c4034f63877cc2e47b99c81ef05f3e6d42bf9a53f/charset_normalizer-3.5.0-cp314-cp314-win_arm64.whl", hash = "sha256:dc28949de1bb5f7f30a46f15d74ce7ac5aaa63e03c5de04d68f571c7423af834", size = 183423, upload-time = "2026-08-12T14:33:39.899Z" },
    { url = "https://files.pythonhosted.org/packages/f1/c9/534ecb17b7fb95f9052c4a44cf316316a27d4a8f73e8475ff55e778dcdd7/charset_normalizer-3.5.0-cp314-cp314t-macosx_10_15_universal2.whl", hash = "sha256:68b7e84ae8239a94f8d2c8f3f3a3a81bcde54805ec8f42a34de927d155688ec6", size = 368967, upload-time = "2026-08-12T14:33:41.093Z" },
    { url = "https://files.pythonhosted.org/packages/3c/b2/ad7c3242d7fe55cd55126c22c65cb1b49779782cdf8932fd01d12232d86a/charset_normalizer-3.5.0-cp314-cp314t-manylinux2014_aarch64.manylinux_2_17_aarch64.manylinux_2_28_aarch64.whl", hash = "sha256:58ca5dc0a0ef99f2801ec0574214c978e9574055bc783830bbb6e7433218609f", size = 239478, upload-time = "2026-08-12T14:33:42.428Z" },
    { url = "https://files.pythonhosted.org/packages/7e/62/77f0b850048e430fc350ec58876b0c020f5c8d0d3956fd1a4d6ae2fa292f/charset_normalizer-3.5.0-cp314-cp314t-manylinux2014_armv7l.manylinux_2_17_armv7l.manylinux_2_31_armv7l.whl", hash = "sha256:6c57af4084c10cb3286688d65e4c654190ff5edcbc2411d08cdca0a8a44c59a1", size = 227036, upload-time = "2026-08-12T14:33:43.635Z" },
    { url = "https://files.pythonhosted.org/packages/f0/ba/47d951e1a51dddbaad0a1410baf49fb1d897ceb00281568f1183b79bce9a/charset_normalizer-3.5.0-cp314-cp314t-manylinux2014_ppc64le.manylinux_2_17_ppc64le.manylinux_2_28_ppc64le.whl", hash = "sha256:f1619a3cc174a7e3963dd34348e6fceb6e50db0ddeb0031bd7c73a58286454fa", size = 260772, upload-time = "2026-08-12T14:33:44.96Z" },
    { url = "https://files.pythonhosted.org/packages/b0/61/8c7ff4c81b2a88271126acf4b83ab3e31f6d63868b0f01d331eaa0f9cb67/charset_normalizer-3.5.0-cp314-cp314t-manylinux2014_s390x.manylinux_2_17_s390x.manylinux_2_28_s390x.whl", hash = "sha256:1328cc57dd4372be1265f68232cee890e087416e3e6e93e6ffb32c2bad4d36a4", size = 259273, upload-time = "2026-08-12T14:33:46.185Z" },
    { url = "https://files.pythonhosted.org/packages/e1/fd/36129689be08dc287b951306946657ff70d76e287dd57018861f86d0e474/charset_normalizer-3.5.0-cp314-cp314t-manylinux2014_x86_64.manylinux_2_17_x86_64.manylinux_2_28_x86_64.whl", hash = "sha256:06f4fb62a9139bef056b8b2da6773c94c2f259f90e4b8e53b166f3d0372d7cf6", size = 248086, upload-time = "2026-08-12T14:33:47.54Z" },
    { url = "https://files.pythonhosted.org/packages/cf/f8/bcae67f994c8fd31dda445e5ebf84045823c31443fe46f0e9ee6aca99aa0/charset_normalizer-3.5.0-cp314-cp314t-manylinux_2_31_riscv64.manylinux_2_39_riscv64.whl", hash = "sha256:478650a70a750d75d5add401606c77f77069c32e4ba2c9131dc6cee566962ca0", size = 242671, upload-time = "2026-08-12T14:33:48.746Z" },
    { url = "https://files.pythonhosted.org/packages/61/92/0472cdad1061c2f0e4d3aee29973eb6e81bb8fe256ff2860cf115b15f1c9/charset_normalizer-3.5.0-cp314-cp314t-musllinux_1_2_aarch64.whl", hash = "sha256:48920bf6fe83eb2226756ac623fa54940487154eb18f80889d5735cf234965c0", size = 241311, upload-time = "2026-08-12T14:33:50.152Z" },
    { url = "https://files.pythonhosted.org/packages/f2/89/04a03de5d27c77c624d9fcf6287073754bd438df1b58cb7d030c57c2824d/charset_normalizer-3.5.0-cp314-cp314t-musllinux_1_2_armv7l.whl", hash = "sha256:168a0cb536b5123a77bc42ecf5e0bf6f923d0d9ae43c42a14eb0677c19ac6c19", size = 229898, upload-time = "2026-08-12T14:33:51.523Z" },
    { url = "https://files.pythonhosted.org/packages/42/a2/639c4278adcb7ed1f4db608dd9ac19b6774fa2285a96b1c0bdb9c124ccbd/charset_normalizer-3.5.0-cp314-cp314t-musllinux_1_2_ppc64le.whl", hash = "sha256:f278e131afa96a3622cef9211c406ea2ad1b68eb06f8837cd443684a40e0ae50", size = 262852, upload-time = "2026-08-12T14:33:52.924Z" },
    { url = "https://files.pythonhosted.org/packages/9d/95/02e34c97bedfd0c5574efb9179c850591acc7f967ba039ed8dd29d332b73/charset_normalizer-3.5.0-cp314-cp314t-musllinux_1_2_riscv64.whl", hash = "sha256:d6100f877d2ed95f0856a3fde25334153add94bf2224c43f45f88e7039262aaa", size = 242913, upload-time = "2026-08-12T14:33:54.18Z" },
    { url = "https://files.pythonhosted.org/packages/a3/64/0946aeab6462dad9f160a50dfb4704d3f58a5ee708f085abc2105fbbff0c/charset_normalizer-3.5.0-cp314-cp314t-musllinux_1_2_s390x.whl", hash = "sha256:4c440122e1ea68b1f8b44a631ebf49c39180f6869b1da22d76e8a724208ec6e9", size = 257938, upload-time = "2026-08-12T14:33:55.802Z" },
    { url = "https://files.pythonhosted.org/packages/79/77/36787d41ead124746506a4425c729f4f17c68280af8a6a5baa0a598cae86/charset_normalizer-3.5.0-cp314-cp314t-musllinux_1_2_x86_64.whl", hash = "sha256:e5f834965c2fe589837bac1002e07e25734ff70381903ccd95b3d649e22bfa40", size = 249467, upload-time = "2026-08-12T14:33:57.081Z" },
    { url = "https://files.pythonhosted.org/packages/65/10/d9f6c5589cd24198d4ce6cd2948191c18e657272f433e5a00d258d9f5c22/charset_normalizer-3.5.0-cp314-cp314t-win32.whl", hash = "sha256:076cf9d3f3c7e410295c09d96355cf3b1bcae74990034d80e4371e20fe1ba4c6", size = 190624, upload-time = "2026-08-12T14:33:58.449Z" },
    { url = "https://files.pythonhosted.org/packages/6c/81/43e0584a802051a22c725795ebe1df78263abc7de858eef6cdc9b36637e9/charset_normalizer-3.5.0-cp314-cp314t-win_amd64.whl", hash = "sha256:3288a560dc3114d5d2ebe309b1ef43f8af355eafe25856832415c2a8196c9db3", size = 215902, upload-time = "2026-08-12T14:33:59.753Z" },
    { url = "https://files.pythonhosted.org/packages/30/f3/af6a1160fef0eac4510d035241e11eccf78e5350e4cd4de79e79fe02a5e5/charset_normalizer-3.5.0-cp314-cp314t-win_arm64.whl", hash = "sha256:a284c36b9c6616bf0a8aa4aabba668a0c75ba65ccf40a79868aeaa69ad996897", size = 193452, upload-time = "2026-08-12T14:34:01.017Z" },
    { url = "https://files.pythonhosted.org/packages/5b/f3/7b523d807cb5e73562ef8acf21d39cdb9d704955327362c781bc3478a73d/charset_normalizer-3.5.0-cp37-abi3-macosx_10_9_universal2.whl", hash = "sha256:5a4ee37248dfac25107c758bda99d545ce73e60b44d2dd39e4a2bb9f2831e9f5", size = 330840, upload-time = "2026-08-12T14:34:45.06Z" },
    { url = "https://files.pythonhosted.org/packages/f0/de/fc68978fe78ca97063c96d764e41ff92ca639948f319271e0ff450e577a2/charset_normalizer-3.5.0-cp37-abi3-manylinux1_x86_64.manylinux_2_28_x86_64.manylinux_2_5_x86_64.whl", hash = "sha256:a864bdcacd8bff58bb4845304e031f821a3ec64b2b7259f2d409cd49c9e59ca3", size = 251862, upload-time = "2026-08-12T14:34:46.58Z" },
    { url = "https://files.pythonhosted.org/packages/a9/cb/82b41a0ab7fb1a88065f1d78ad32696ad88ea3fe8e25b8189d08833938de/charset_normalizer-3.5.0-cp37-abi3-manylinux2014_aarch64.manylinux_2_17_aarch64.manylinux_2_28_aarch64.whl", hash = "sha256:84b736e3b391601bc47b86da381c749c0f894e9191aaca9f31f30c2632206df3", size = 239484, upload-time = "2026-08-12T14:34:47.869Z" },
    { url = "https://files.pythonhosted.org/packages/e8/0c/19608b631f4538f908098d4a2d56a8f79a665e27cc58e9d90479761a9227/charset_normalizer-3.5.0-cp37-abi3-manylinux2014_armv7l.manylinux_2_17_armv7l.manylinux_2_31_armv7l.whl", hash = "sha256:6abb1f356fb865baeb6ebc3fadd843e9a96fbf49b9adcca55037f3cceccb7438", size = 230602, upload-time = "2026-08-12T14:34:49.265Z" },
    { url = "https://files.pythonhosted.org/packages/29/db/f648eb30e14eba301aed61e11672156f137905c1bdbb530151abe8065943/charset_normalizer-3.5.0-cp37-abi3-manylinux2014_ppc64le.manylinux_2_17_ppc64le.manylinux_2_28_ppc64le.whl", hash = "sha256:1d366548d2ee28a8cfdcc4296363978cc644a728333be9824d2de4652e83df0a", size = 259208, upload-time = "2026-08-12T14:34:50.632Z" },
    { url = "https://files.pythonhosted.org/packages/d3/e0/ed2c8bdbac484d69614d6993143aeb6cb0f4dd1561c883402517b623c8ef/charset_normalizer-3.5.0-cp37-abi3-manylinux2014_s390x.manylinux_2_17_s390x.manylinux_2_28_s390x.whl", hash = "sha256:d672f329ae504ee240eb39b6effb3318aa8e7e8924c0ce8eee5760b3fad98539", size = 253659, upload-time = "2026-08-12T14:34:52.11Z" },
    { url = "https://files.pythonhosted.org/packages/32/08/b4907cb9ec5b521d9d024ced13611240b86ef065c2eb15b3ad2334dc9940/charset_normalizer-3.5.0-cp37-abi3-manylinux_2_31_riscv64.manylinux_2_39_riscv64.whl", hash = "sha256:c54036a518748b6c02e666f6d46c3817561998fb904c3be25b56fb4fe3dc5706", size = 248821, upload-time = "2026-08-12T14:34:53.399Z" },
    { url = "https://files.pythonhosted.org/packages/12/b2/e2d1abcfbc05822f0030869efb4e9f8a3658e13b4821796d4b62da917327/charset_normalizer-3.5.0-cp37-abi3-musllinux_1_2_aarch64.whl", hash = "sha256:22a1889f1c9b752c63c36758a0c2145458e3cadb20fced7a0790002e9dd12b26", size = 240271, upload-time = "2026-08-12T14:34:55.09Z" },
    { url = "https://files.pythonhosted.org/packages/dc/f9/4ba127ad610542fa3eabfa41c45bf12d357860a815b3566374ec0188e213/charset_normalizer-3.5.0-cp37-abi3-musllinux_1_2_armv7l.whl", hash = "sha256:b7eb3eab5c646d3de7dcb14a7c9caebace5249c5767da39e1761cb1576e521a3", size = 232155, upload-time = "2026-08-12T14:34:56.543Z" },
    { url = "https://files.pythonhosted.org/packages/01/68/40613182366d00bd6dbd5f6c84a926cbd120960e038a8269e9ae7d782762/charset_normalizer-3.5.0-cp37-abi3-musllinux_1_2_ppc64le.whl", hash = "sha256:2080aa129a28267984cdc902898993d788c995c384e285d0d19199f56760d52e", size = 259674, upload-time = "2026-08-12T14:34:57.815Z" },
    { url = "https://files.pythonhosted.org/packages/0a/53/4574a14fa4c9de4a6c9f31725354bfa40b67f653e6d594ce1654f9a41b32/charset_normalizer-3.5.0-cp37-abi3-musllinux_1_2_riscv64.whl", hash = "sha256:fd68c825548a611158230e2f9222e210ceb2e3391995c0aa5865cbdf3ab4bd49", size = 246122, upload-time = "2026-08-12T14:34:59.337Z" },
    { url = "https://files.pythonhosted.org/packages/5a/02/bd8030d13d92c058ca7b2b9615bbb3169569e144db64d65c149cd45abf5e/charset_normalizer-3.5.0-cp37-abi3-musllinux_1_2_s390x.whl", hash = "sha256:d8a9316f4da85e937242642b537c6d55d7e9287dd38e5634732f8233932aff45", size = 255221, upload-time = "2026-08-12T14:35:00.71Z" },
    { url = "https://files.pythonhosted.org/packages/77/9d/10ecd3bcbe2666b3d4d4026c97b48f73990682815db516052a1e8f4a31c5/charset_normalizer-3.5.0-cp37-abi3-musllinux_1_2_x86_64.whl", hash = "sha256:d90254c8f609338c53ec180fcd4c4f9c16502e238e3fc88ca7fd4c2f38d445b8", size = 253450, upload-time = "2026-08-12T14:35:02.217Z" },
    { url = "https://files.pythonhosted.org/packages/e4/0f/d044c4872c0938a84f87b5027a698c0e61bacfc5c3551a4e749ca9b7bc5c/charset_normalizer-3.5.0-cp37-abi3-win32.whl", hash = "sha256:8b3e9e29b8b07cc461b9ce7768db7693a93979d0dadf22046f6f3555ded2f516", size = 173594, upload-time = "2026-08-12T14:35:03.845Z" },
    { url = "https://files.pythonhosted.org/packages/10/6b/6046773901f1944b9a89436351529811ee958afc7b774563be9d74a6f0c3/charset_normalizer-3.5.0-cp37-abi3-win_amd64.whl", hash = "sha256:0c8953d9d1617794cfc40d81179571c9ba3805dd029623a15c93f1fb70e60a74", size = 198959, upload-time = "2026-08-12T14:35:05.187Z" },
    { url = "https://files.pythonhosted.org/packages/ab/a6/b57708ac92aefc8e8389d51d5178129b81f03196da61ee2c23e687b8178a/charset_normalizer-3.5.0-cp37-abi3-win_arm64.whl", hash = "sha256:562d24ca7797c1af8852994950c2e623a907b201fc4b0ed29e92af173d3828ca", size = 267055, upload-time = "2026-08-12T14:35:06.533Z" },
    { url = "https://files.pythonhosted.org/packages/22/c7/754d09943a616937df61e4ba367c409ded2a987e872972098d51a6fcf73b/charset_normalizer-3.5.0-py3-none-any.whl", hash = "sha256:993dfcbe75a85a3784abb5084f2c41b915767c90546fcc92803cffa28611baea", size = 67943, upload-time = "2026-08-12T14:35:30.363Z" },
]

[[package]]
name = "colorama"
version = "0.4.6"
source = { registry = "https://pypi.org/simple" }
sdist = { url = "https://files.pythonhosted.org/packages/d8/53/6f443c9a4a8358a93a6792e2acffb9d9d5cb0a5cfd8802644b7b1c9a02e4/colorama-0.4.6.tar.gz", hash = "sha256:08695f5cb7ed6e0531a20572697297273c47b8cae5a63ffc6d6ed5c201be6e44", size = 27697, upload-time = "2022-10-25T02:36:22.414Z" }
wheels = [
    { url = "https://files.pythonhosted.org/packages/d1/d6/3965ed04c63042e047cb6a3e6ed1a63a35087b6a609aa3a15ed8ac56c221/colorama-0.4.6-py2.py3-none-any.whl", hash = "sha256:4f1d9991f5acc0ca119f9d443620b77f9d6b33703e51011c16baf57afb285fc6", size = 25335, upload-time = "2022-10-25T02:36:20.889Z" },
]

[[package]]
name = "grpcio"
version = "1.76.0"
source = { registry = "https://pypi.org/simple" }
dependencies = [
    { name = "typing-extensions" },
]
sdist = { url = "https://files.pythonhosted.org/packages/b6/e0/318c1ce3ae5a17894d5791e87aea147587c9e702f24122cc7a5c8bbaeeb1/grpcio-1.76.0.tar.gz", hash = "sha256:7be78388d6da1a25c0d5ec506523db58b18be22d9c37d8d3a32c08be4987bd73", size = 12785182, upload-time = "2025-10-21T16:23:12.106Z" }
wheels = [
    { url = "https://files.pythonhosted.org/packages/b4/46/39adac80de49d678e6e073b70204091e76631e03e94928b9ea4ecf0f6e0e/grpcio-1.76.0-cp314-cp314-linux_armv7l.whl", hash = "sha256:ff8a59ea85a1f2191a0ffcc61298c571bc566332f82e5f5be1b83c9d8e668a62", size = 5808417, upload-time = "2025-10-21T16:22:15.02Z" },
    { url = "https://files.pythonhosted.org/packages/9c/f5/a4531f7fb8b4e2a60b94e39d5d924469b7a6988176b3422487be61fe2998/grpcio-1.76.0-cp314-cp314-macosx_11_0_universal2.whl", hash = "sha256:06c3d6b076e7b593905d04fdba6a0525711b3466f43b3400266f04ff735de0cd", size = 11828219, upload-time = "2025-10-21T16:22:17.954Z" },
    { url = "https://files.pythonhosted.org/packages/4b/1c/de55d868ed7a8bd6acc6b1d6ddc4aa36d07a9f31d33c912c804adb1b971b/grpcio-1.76.0-cp314-cp314-manylinux2014_aarch64.manylinux_2_17_aarch64.whl", hash = "sha256:fd5ef5932f6475c436c4a55e4336ebbe47bd3272be04964a03d316bbf4afbcbc", size = 6367826, upload-time = "2025-10-21T16:22:20.721Z" },
    { url = "https://files.pythonhosted.org/packages/59/64/99e44c02b5adb0ad13ab3adc89cb33cb54bfa90c74770f2607eea629b86f/grpcio-1.76.0-cp314-cp314-manylinux2014_i686.manylinux_2_17_i686.whl", hash = "sha256:b331680e46239e090f5b3cead313cc772f6caa7d0fc8de349337563125361a4a", size = 7049550, upload-time = "2025-10-21T16:22:23.637Z" },
    { url = "https://files.pythonhosted.org/packages/43/28/40a5be3f9a86949b83e7d6a2ad6011d993cbe9b6bd27bea881f61c7788b6/grpcio-1.76.0-cp314-cp314-manylinux2014_x86_64.manylinux_2_17_x86_64.whl", hash = "sha256:2229ae655ec4e8999599469559e97630185fdd53ae1e8997d147b7c9b2b72cba", size = 6575564, upload-time = "2025-10-21T16:22:26.016Z" },
    { url = "https://files.pythonhosted.org/packages/4b/a9/1be18e6055b64467440208a8559afac243c66a8b904213af6f392dc2212f/grpcio-1.76.0-cp314-cp314-musllinux_1_2_aarch64.whl", hash = "sha256:490fa6d203992c47c7b9e4a9d39003a0c2bcc1c9aa3c058730884bbbb0ee9f09", size = 7176236, upload-time = "2025-10-21T16:22:28.362Z" },
    { url = "https://files.pythonhosted.org/packages/0f/55/dba05d3fcc151ce6e81327541d2cc8394f442f6b350fead67401661bf041/grpcio-1.76.0-cp314-cp314-musllinux_1_2_i686.whl", hash = "sha256:479496325ce554792dba6548fae3df31a72cef7bad71ca2e12b0e58f9b336bfc", size = 8125795, upload-time = "2025-10-21T16:22:31.075Z" },
    { url = "https://files.pythonhosted.org/packages/4a/45/122df922d05655f63930cf42c9e3f72ba20aadb26c100ee105cad4ce4257/grpcio-1.76.0-cp314-cp314-musllinux_1_2_x86_64.whl", hash = "sha256:1c9b93f79f48b03ada57ea24725d83a30284a012ec27eab2cf7e50a550cbbbcc", size = 7592214, upload-time = "2025-10-21T16:22:33.831Z" },
    { url = "https://files.pythonhosted.org/packages/4a/6e/0b899b7f6b66e5af39e377055fb4a6675c9ee28431df5708139df2e93233/grpcio-1.76.0-cp314-cp314-win32.whl", hash = "sha256:747fa73efa9b8b1488a95d0ba1039c8e2dca0f741612d80415b1e1c560febf4e", size = 4062961, upload-time = "2025-10-21T16:22:36.468Z" },
    { url = "https://files.pythonhosted.org/packages/19/41/0b430b01a2eb38ee887f88c1f07644a1df8e289353b78e82b37ef988fb64/grpcio-1.76.0-cp314-cp314-win_amd64.whl", hash = "sha256:922fa70ba549fce362d2e2871ab542082d66e2aaf0c19480ea453905b01f384e", size = 4834462, upload-time = "2025-10-21T16:22:39.772Z" },
]

[[package]]
name = "grpcio-tools"
version = "1.76.0"
source = { registry = "https://pypi.org/simple" }
dependencies = [
    { name = "grpcio" },
    { name = "protobuf" },
    { name = "setuptools" },
]
sdist = { url = "https://files.pythonhosted.org/packages/a0/77/17d60d636ccd86a0db0eccc24d02967bbc3eea86b9db7324b04507ebaa40/grpcio_tools-1.76.0.tar.gz", hash = "sha256:ce80169b5e6adf3e8302f3ebb6cb0c3a9f08089133abca4b76ad67f751f5ad88", size = 5390807, upload-time = "2025-10-21T16:26:55.416Z" }
wheels = [
    { url = "https://files.pythonhosted.org/packages/f0/c0/aa20eebe8f3553b7851643e9c88d237c3a6ca30ade646897e25dbb27be99/grpcio_tools-1.76.0-cp314-cp314-linux_armv7l.whl", hash = "sha256:c53c5719ef2a435997755abde3826ba4087174bd432aa721d8fac781fcea79e4", size = 2546297, upload-time = "2025-10-21T16:26:01.258Z" },
    { url = "https://files.pythonhosted.org/packages/d9/98/6af702804934443c1d0d4d27d21b990d92d22ddd1b6bec6b056558cbbffa/grpcio_tools-1.76.0-cp314-cp314-macosx_11_0_universal2.whl", hash = "sha256:e3db1300d7282264639eeee7243f5de7e6a7c0283f8bf05d66c0315b7b0f0b36", size = 5839804, upload-time = "2025-10-21T16:26:05.495Z" },
    { url = "https://files.pythonhosted.org/packages/ea/8d/7725fa7b134ef8405ffe0a37c96eeb626e5af15d70e1bdac4f8f1abf842e/grpcio_tools-1.76.0-cp314-cp314-manylinux2014_aarch64.manylinux_2_17_aarch64.whl", hash = "sha256:0b018a4b7455a7e8c16d0fdb3655a6ba6c9536da6de6c5d4f11b6bb73378165b", size = 2593922, upload-time = "2025-10-21T16:26:07.563Z" },
    { url = "https://files.pythonhosted.org/packages/de/ff/5b6b5012c79fa72f9107dc13f7226d9ce7e059ea639fd8c779e0dd284386/grpcio_tools-1.76.0-cp314-cp314-manylinux2014_i686.manylinux_2_17_i686.whl", hash = "sha256:ec6e4de3866e47cfde56607b1fae83ecc5aa546e06dec53de11f88063f4b5275", size = 2905327, upload-time = "2025-10-21T16:26:09.668Z" },
    { url = "https://files.pythonhosted.org/packages/24/01/2691d369ea462cd6b6c92544122885ca01f7fa5ac75dee023e975e675858/grpcio_tools-1.76.0-cp314-cp314-manylinux2014_x86_64.manylinux_2_17_x86_64.whl", hash = "sha256:b8da4d828883913f1852bdd67383713ae5c11842f6c70f93f31893eab530aead", size = 2656214, upload-time = "2025-10-21T16:26:11.773Z" },
    { url = "https://files.pythonhosted.org/packages/6a/e7/3f8856e6ec3dd492336a91572993344966f237b0e3819fbe96437b19d313/grpcio_tools-1.76.0-cp314-cp314-musllinux_1_2_aarch64.whl", hash = "sha256:5c120c2cf4443121800e7f9bcfe2e94519fa25f3bb0b9882359dd3b252c78a7b", size = 3109889, upload-time = "2025-10-21T16:26:15.058Z" },
    { url = "https://files.pythonhosted.org/packages/f3/e4/ce5248072e47db276dc7e069e93978dcde490c959788ce7cce8081d0bfdc/grpcio_tools-1.76.0-cp314-cp314-musllinux_1_2_i686.whl", hash = "sha256:8b7df5591d699cd9076065f1f15049e9c3597e0771bea51c8c97790caf5e4197", size = 3657939, upload-time = "2025-10-21T16:26:17.34Z" },
    { url = "https://files.pythonhosted.org/packages/f6/df/81ff88af93c52135e425cd5ec9fe8b186169c7d5f9e0409bdf2bbedc3919/grpcio_tools-1.76.0-cp314-cp314-musllinux_1_2_x86_64.whl", hash = "sha256:a25048c5f984d33e3f5b6ad7618e98736542461213ade1bd6f2fcfe8ce804e3d", size = 3324752, upload-time = "2025-10-21T16:26:20.092Z" },
    { url = "https://files.pythonhosted.org/packages/35/3d/f6b83044afbf6522254a3b509515a00fed16a819c87731a478dbdd1d35c1/grpcio_tools-1.76.0-cp314-cp314-win32.whl", hash = "sha256:4b77ce6b6c17869858cfe14681ad09ed3a8a80e960e96035de1fd87f78158740", size = 1015578, upload-time = "2025-10-21T16:26:22.517Z" },
    { url = "https://files.pythonhosted.org/packages/95/4d/31236cddb7ffb09ba4a49f4f56d2608fec3bbb21c7a0a975d93bca7cd22e/grpcio_tools-1.76.0-cp314-cp314-win_amd64.whl", hash = "sha256:2ccd2c8d041351cc29d0fc4a84529b11ee35494a700b535c1f820b642f2a72fc", size = 1190242, upload-time = "2025-10-21T16:26:25.296Z" },
]

[[package]]
name = "idna"
version = "3.18"
source = { registry = "https://pypi.org/simple" }
sdist = { url = "https://files.pythonhosted.org/packages/cd/63/9496c57188a2ee585e0f1db071d75089a11e98aa86eb99d9d7618fc1edce/idna-3.18.tar.gz", hash = "sha256:ffb385a7e039654cef1ab9ef32c6fafe283c0c0467bba1d9029738ce4a14a848", size = 196711, upload-time = "2026-06-02T14:34:07.794Z" }
wheels = [
    { url = "https://files.pythonhosted.org/packages/1e/5e/d4e9f1a599fb8e573b7b87160658329fbf28d19eac2718f51fc3def3aa5a/idna-3.18-py3-none-any.whl", hash = "sha256:7f952cbe720b688055e3f87de14f5c3e5fdaa8bc3928985c4077ca689de849a2", size = 65455, upload-time = "2026-06-02T14:34:06.319Z" },
]

[[package]]
name = "loguru"
version = "0.7.3"
source = { registry = "https://pypi.org/simple" }
dependencies = [
    { name = "colorama", marker = "sys_platform == 'win32'" },
    { name = "win32-setctime", marker = "sys_platform == 'win32'" },
]
sdist = { url = "https://files.pythonhosted.org/packages/3a/05/a1dae3dffd1116099471c643b8924f5aa6524411dc6c63fdae648c4f1aca/loguru-0.7.3.tar.gz", hash = "sha256:19480589e77d47b8d85b2c827ad95d49bf31b0dcde16593892eb51dd18706eb6", size = 63559, upload-time = "2024-12-06T11:20:56.608Z" }
wheels = [
    { url = "https://files.pythonhosted.org/packages/0c/29/0348de65b8cc732daa3e33e67806420b2ae89bdce2b04af740289c5c6c8c/loguru-0.7.3-py3-none-any.whl", hash = "sha256:31a33c10c8e1e10422bfd431aeb5d351c7cf7fa671e3c4df004162264b28220c", size = 61595, upload-time = "2024-12-06T11:20:54.538Z" },
]

[[package]]
name = "paho-mqtt"
version = "2.1.0"
source = { registry = "https://pypi.org/simple" }
sdist = { url = "https://files.pythonhosted.org/packages/39/15/0a6214e76d4d32e7f663b109cf71fb22561c2be0f701d67f93950cd40542/paho_mqtt-2.1.0.tar.gz", hash = "sha256:12d6e7511d4137555a3f6ea167ae846af2c7357b10bc6fa4f7c3968fc1723834", size = 148848, upload-time = "2024-04-29T19:52:55.591Z" }
wheels = [
    { url = "https://files.pythonhosted.org/packages/c4/cb/00451c3cf31790287768bb12c6bec834f5d292eaf3022afc88e14b8afc94/paho_mqtt-2.1.0-py3-none-any.whl", hash = "sha256:6db9ba9b34ed5bc6b6e3812718c7e06e2fd7444540df2455d2c51bd58808feee", size = 67219, upload-time = "2024-04-29T19:52:48.345Z" },
]

[[package]]
name = "protobuf"
version = "6.33.5"
source = { registry = "https://pypi.org/simple" }
sdist = { url = "https://files.pythonhosted.org/packages/ba/25/7c72c307aafc96fa87062aa6291d9f7c94836e43214d43722e86037aac02/protobuf-6.33.5.tar.gz", hash = "sha256:6ddcac2a081f8b7b9642c09406bc6a4290128fce5f471cddd165960bb9119e5c", size = 444465, upload-time = "2026-01-29T21:51:33.494Z" }
wheels = [
    { url = "https://files.pythonhosted.org/packages/b1/79/af92d0a8369732b027e6d6084251dd8e782c685c72da161bd4a2e00fbabb/protobuf-6.33.5-cp310-abi3-win32.whl", hash = "sha256:d71b040839446bac0f4d162e758bea99c8251161dae9d0983a3b88dee345153b", size = 425769, upload-time = "2026-01-29T21:51:21.751Z" },
    { url = "https://files.pythonhosted.org/packages/55/75/bb9bc917d10e9ee13dee8607eb9ab963b7cf8be607c46e7862c748aa2af7/protobuf-6.33.5-cp310-abi3-win_amd64.whl", hash = "sha256:3093804752167bcab3998bec9f1048baae6e29505adaf1afd14a37bddede533c", size = 437118, upload-time = "2026-01-29T21:51:24.022Z" },
    { url = "https://files.pythonhosted.org/packages/a2/6b/e48dfc1191bc5b52950246275bf4089773e91cb5ba3592621723cdddca62/protobuf-6.33.5-cp39-abi3-macosx_10_9_universal2.whl", hash = "sha256:a5cb85982d95d906df1e2210e58f8e4f1e3cdc088e52c921a041f9c9a0386de5", size = 427766, upload-time = "2026-01-29T21:51:25.413Z" },
    { url = "https://files.pythonhosted.org/packages/4e/b1/c79468184310de09d75095ed1314b839eb2f72df71097db9d1404a1b2717/protobuf-6.33.5-cp39-abi3-manylinux2014_aarch64.whl", hash = "sha256:9b71e0281f36f179d00cbcb119cb19dec4d14a81393e5ea220f64b286173e190", size = 324638, upload-time = "2026-01-29T21:51:26.423Z" },
    { url = "https://files.pythonhosted.org/packages/c5/f5/65d838092fd01c44d16037953fd4c2cc851e783de9b8f02b27ec4ffd906f/protobuf-6.33.5-cp39-abi3-manylinux2014_s390x.whl", hash = "sha256:8afa18e1d6d20af15b417e728e9f60f3aa108ee76f23c3b2c07a2c3b546d3afd", size = 339411, upload-time = "2026-01-29T21:51:27.446Z" },
    { url = "https://files.pythonhosted.org/packages/9b/53/a9443aa3ca9ba8724fdfa02dd1887c1bcd8e89556b715cfbacca6b63dbec/protobuf-6.33.5-cp39-abi3-manylinux2014_x86_64.whl", hash = "sha256:cbf16ba3350fb7b889fca858fb215967792dc125b35c7976ca4818bee3521cf0", size = 323465, upload-time = "2026-01-29T21:51:28.925Z" },
    { url = "https://files.pythonhosted.org/packages/57/bf/2086963c69bdac3d7cff1cc7ff79b8ce5ea0bec6797a017e1be338a46248/protobuf-6.33.5-py3-none-any.whl", hash = "sha256:69915a973dd0f60f31a08b8318b73eab2bd6a392c79184b3612226b0a3f8ec02", size = 170687, upload-time = "2026-01-29T21:51:32.557Z" },
]

[[package]]
name = "python-dotenv"
version = "1.2.2"
source = { registry = "https://pypi.org/simple" }
sdist = { url = "https://files.pythonhosted.org/packages/82/ed/0301aeeac3e5353ef3d94b6ec08bbcabd04a72018415dcb29e588514bba8/python_dotenv-1.2.2.tar.gz", hash = "sha256:2c371a91fbd7ba082c2c1dc1f8bf89ca22564a087c2c287cd9b662adde799cf3", size = 50135, upload-time = "2026-03-01T16:00:26.196Z" }
wheels = [
    { url = "https://files.pythonhosted.org/packages/0b/d7/1959b9648791274998a9c3526f6d0ec8fd2233e4d4acce81bbae76b44b2a/python_dotenv-1.2.2-py3-none-any.whl", hash = "sha256:1d8214789a24de455a8b8bd8ae6fe3c6b69a5e3d64aa8a8e5d68e694bbcb285a", size = 22101, upload-time = "2026-03-01T16:00:25.09Z" },
]

[[package]]
name = "requests"
version = "2.34.2"
source = { registry = "https://pypi.org/simple" }
dependencies = [
    { name = "certifi" },
    { name = "charset-normalizer" },
    { name = "idna" },
    { name = "urllib3" },
]
sdist = { url = "https://files.pythonhosted.org/packages/ac/c3/e2a2b89f2d3e2179abd6d00ebd70bff6273f37fb3e0cc209f48b39d00cbf/requests-2.34.2.tar.gz", hash = "sha256:f288924cae4e29463698d6d60bc6a4da69c89185ad1e0bcc4104f584e960b9ed", size = 142856, upload-time = "2026-05-14T19:25:27.735Z" }
wheels = [
    { url = "https://files.pythonhosted.org/packages/a0/f4/c67b0b3f1b9245e8d266f0f112c500d50e5b4e83cb6f3b71b6528104182a/requests-2.34.2-py3-none-any.whl", hash = "sha256:2a0d60c172f83ac6ab31e4554906c0f3b3588d37b5cb939b1c061f4907e278e0", size = 73075, upload-time = "2026-05-14T19:25:26.443Z" },
]

[[package]]
name = "ruff"
version = "0.16.6"
source = { registry = "https://pypi.org/simple" }
sdist = { url = "https://files.pythonhosted.org/packages/a4/7c/6adb35d70e7c027e308274557901c7e00fb3407750faf3620c184ae058cb/ruff-0.16.6.tar.gz", hash = "sha256:dcf8a73d2ff77e99dde91244b4da16feba7f14e6beeb4015dee7c5a909e99050", size = 4921251, upload-time = "2026-09-03T16:57:29.037Z" }
wheels = [
    { url = "https://files.pythonhosted.org/packages/a4/28/9cc1b79639e284ec103f43c88c644db4eb58cbd0ea1ca11f1193435369ac/ruff-0.16.6-py3-none-linux_armv6l.whl", hash = "sha256:61c368c26bf8e973e5ab14a2772de587bc068ea3f9a277f673380749b4898fb8", size = 10015638, upload-time = "2026-09-03T16:56:40.986Z" },
    { url = "https://files.pythonhosted.org/packages/71/11/627d342ef727ea7794edf74fe23d60a074b02c3acc2e9436684e782286ca/ruff-0.16.6-py3-none-macosx_10_12_x86_64.whl", hash = "sha256:ecf4f068e2e123e43a26e9db4e19524cc56563912404e83bbfca375757e45a32", size = 10220762, upload-time = "2026-09-03T16:56:44.681Z" },
    { url = "https://files.pythonhosted.org/packages/43/d9/b75668ce41e4c8d073d18d6d08672ba6906ce45d5c06ea4fdb2e84ce3853/ruff-0.16.6-py3-none-macosx_11_0_arm64.whl", hash = "sha256:99b62ea33baf130f50368798d841f0d95527b6d817bf31817b65dd058f1d314c", size = 9835082, upload-time = "2026-09-03T16:56:47.142Z" },
    { url = "https://files.pythonhosted.org/packages/99/97/123ab10b05cde889c107c20f5a9774955104b5552796a2a8584b089ae8eb/ruff-0.16.6-py3-none-manylinux_2_17_aarch64.manylinux2014_aarch64.whl", hash = "sha256:7fbf89013f2bb3f6835a6038ff658dc8a1b38c98dc8e724b964168ad4e881876", size = 9949304, upload-time = "2026-09-03T16:56:49.813Z" },
    { url = "https://files.pythonhosted.org/packages/3e/58/a4a2c59dd2e5b85929c912d9cac3056eb9ee8c7e75e9b9fe3e109174966b/ruff-0.16.6-py3-none-manylinux_2_17_armv7l.manylinux2014_armv7l.whl", hash = "sha256:56a67065e22efa6bc4d498299d3bb06c0c90aace8fac2068b5a12f9dc4d8d51d", size = 9840612, upload-time = "2026-09-03T16:56:52.368Z" },
    { url = "https://files.pythonhosted.org/packages/61/6a/ff8c8626a786c4f49d48ced4a752dadbca65f5263005f9c2416578194694/ruff-0.16.6-py3-none-manylinux_2_17_i686.manylinux2014_i686.whl", hash = "sha256:e25cc89174874b176a157e4428d66761c2c0c006654419bf384f967f361ff1b1", size = 10543465, upload-time = "2026-09-03T16:56:55.089Z" },
    { url = "https://files.pythonhosted.org/packages/ad/bb/c47535923365f337b82e28192e4e9eef2176511007cfd99a62fc22df5dad/ruff-0.16.6-py3-none-manylinux_2_17_ppc64le.manylinux2014_ppc64le.whl", hash = "sha256:0700580ed5303723cb3c11c2f1d2a8913ce77b7ea86646dddb887f5417a9ba70", size = 11267576, upload-time = "2026-09-03T16:56:57.791Z" },
    { url = "https://files.pythonhosted.org/packages/ba/50/e5119a5212b5cd63b51e1f4b25e7bd636a6668fc069a3160b108ad7e3c16/ruff-0.16.6-py3-none-manylinux_2_17_s390x.manylinux2014_s390x.whl", hash = "sha256:15f1d0b6e165a6e56567befb6629f8209271311d990bae0f37e6d065035ef5f3", size = 10781993, upload-time = "2026-09-03T16:57:00.666Z" },
    { url = "https://files.pythonhosted.org/packages/8b/98/083d8b4ef3c51a0d19db84367791cbe9f44e4b53343d19dfa83556e1cd9a/ruff-0.16.6-py3-none-manylinux_2_17_x86_64.manylinux2014_x86_64.whl", hash = "sha256:d72c591a96986ee4268860e2b7235082129ca5e4cb9cbba653a4b57c11893757", size = 10317748, upload-time = "2026-09-03T16:57:03.428Z" },
    { url = "https://files.pythonhosted.org/packages/9a/29/68f7ff2c5ad95f19f00627ac2de95644e25fe47371ea60b2db1fd952315e/ruff-0.16.6-py3-none-manylinux_2_31_riscv64.whl", hash = "sha256:65a006baa18f33324325814c864daef03541d51564b98c517610ea756ab7003e", size = 10540096, upload-time = "2026-09-03T16:57:06.182Z" },
    { url = "https://files.pythonhosted.org/packages/c4/f9/79a8f6de85968641d68a7863aeec577551924ef066a990a48ff93167beab/ruff-0.16.6-py3-none-musllinux_1_2_aarch64.whl", hash = "sha256:cd02a7bf1a21a8735228a3e8c95a9dc5cf86bd2a52194f4aaae2a5755b4de0f4", size = 10100494, upload-time = "2026-09-03T16:57:09.194Z" },
    { url = "https://files.pythonhosted.org/packages/d9/e8/b81a22d9b90c00b892ccf2fa2ac36fa95de4c13ab85aea3e73795cfe4651/ruff-0.16.6-py3-none-musllinux_1_2_armv7l.whl", hash = "sha256:31b36f1e5ad85e0737f09d2be4e512e2e283583c14015da3b9dc07359ac0fc88", size = 9843663, upload-time = "2026-09-03T16:57:12.168Z" },
    { url = "https://files.pythonhosted.org/packages/39/aa/54f516ec5e5a11c4afdceb1c454ebb054ffb96e4f4a1705580b4346abd35/ruff-0.16.6-py3-none-musllinux_1_2_i686.whl", hash = "sha256:61029b4ab4aa723fd3064fab96b1d814492596bf0c792679fffcbde1e1679953", size = 10282461, upload-time = "2026-09-03T16:57:15.077Z" },
    { url = "https://files.pythonhosted.org/packages/52/0b/38d0aa8aa32372b96dc44f97b22e576c4147808271aab7b2cb1e353d4445/ruff-0.16.6-py3-none-musllinux_1_2_x86_64.whl", hash = "sha256:9ac8998457832c2061709d900856b7ad271dace0cb41f346588d540162bfa718", size = 10728808, upload-time = "2026-09-03T16:57:17.797Z" },
    { url = "https://files.pythonhosted.org/packages/5e/e5/9e274e24eeb027640ffc7442f21239f16d17f47acec15ae34f32e03a5c79/ruff-0.16.6-py3-none-win32.whl", hash = "sha256:0b87d9d16fcb63e8018423ca1d50b7260f15cb2da33e30db4baad4183a948c25", size = 10049212, upload-time = "2026-09-03T16:57:20.55Z" },
    { url = "https://files.pythonhosted.org/packages/22/31/72472449414223ed1a2da236b992adbb1a2ae59e34794574810f60ce068e/ruff-0.16.6-py3-none-win_amd64.whl", hash = "sha256:10d21c51c3495d8eaea7b703a16592117ea6eb1d649e36335aa965ff1173eb39", size = 10556402, upload-time = "2026-09-03T16:57:23.501Z" },
    { url = "https://files.pythonhosted.org/packages/fc/07/d781f8f8e1ac24bef9f3269cf62ffb1407ca24c3a8f12e5e22874f90528c/ruff-0.16.6-py3-none-win_arm64.whl", hash = "sha256:7a976c79b958f94e50a022a19f0f8c87387448020935ec14fc74331bd0a7f2c5", size = 10412850, upload-time = "2026-09-03T16:57:26.416Z" },
]

[[package]]
name = "setuptools"
version = "84.0.0"
source = { registry = "https://pypi.org/simple" }
sdist = { url = "https://files.pythonhosted.org/packages/6d/44/f5da03a8ef95d369145c5bb53050e7877c9f3d312e128605fd9504829143/setuptools-84.0.0.tar.gz", hash = "sha256:f4695c21257f0d9b537ec2692c941d02ee143b7cc1276941349a546573b2ef73", size = 1168449, upload-time = "2026-08-08T18:27:58.365Z" }
wheels = [
    { url = "https://files.pythonhosted.org/packages/95/9c/c510029fc6ef33a6275cd2c5d3cecd6613dfd6aa401d57c54f1c18852ccf/setuptools-84.0.0-py3-none-any.whl", hash = "sha256:51a52592b3b99e102b609654876bd65f19f999935166d1352678931132b0c670", size = 818216, upload-time = "2026-08-08T18:27:56.719Z" },
]

[[package]]
name = "typing-extensions"
version = "4.15.0"
source = { registry = "https://pypi.org/simple" }
sdist = { url = "https://files.pythonhosted.org/packages/72/94/1a15dd82efb362ac84269196e94cf00f187f7ed21c242792a923cdb1c61f/typing_extensions-4.15.0.tar.gz", hash = "sha256:0cea48d173cc12fa28ecabc3b837ea3cf6f38c6d1136f85cbaaf598984861466", size = 109391, upload-time = "2025-08-25T13:49:26.313Z" }
wheels = [
    { url = "https://files.pythonhosted.org/packages/18/67/36e9267722cc04a6b9f15c7f3441c2363321a3ea07da7ae0c0707beb2a9c/typing_extensions-4.15.0-py3-none-any.whl", hash = "sha256:f0fa19c6845758ab08074a0cfa8b7aecb71c999ca73d62883bc25cc018c4e548", size = 44614, upload-time = "2025-08-25T13:49:24.86Z" },
]

[[package]]
name = "urllib3"
version = "2.7.0"
source = { registry = "https://pypi.org/simple" }
sdist = { url = "https://files.pythonhosted.org/packages/53/0c/06f8b233b8fd13b9e5ee11424ef85419ba0d8ba0b3138bf360be2ff56953/urllib3-2.7.0.tar.gz", hash = "sha256:231e0ec3b63ceb14667c67be60f2f2c40a518cb38b03af60abc813da26505f4c", size = 433602, upload-time = "2026-05-07T16:13:18.596Z" }
wheels = [
    { url = "https://files.pythonhosted.org/packages/7f/3e/5db95bcf282c52709639744ca2a8b149baccf648e39c8cc87553df9eae0c/urllib3-2.7.0-py3-none-any.whl", hash = "sha256:9fb4c81ebbb1ce9531cce37674bbc6f1360472bc18ca9a553ede278ef7276897", size = 131087, upload-time = "2026-05-07T16:13:17.151Z" },
]

[[package]]
name = "win32-setctime"
version = "1.2.0"
source = { registry = "https://pypi.org/simple" }
sdist = { url = "https://files.pythonhosted.org/packages/b3/8f/705086c9d734d3b663af0e9bb3d4de6578d08f46b1b101c2442fd9aecaa2/win32_setctime-1.2.0.tar.gz", hash = "sha256:ae1fdf948f5640aae05c511ade119313fb6a30d7eabe25fef9764dca5873c4c0", size = 4867, upload-time = "2024-12-07T15:28:28.314Z" }
wheels = [
    { url = "https://files.pythonhosted.org/packages/e1/07/c6fe3ad3e685340704d314d765b7912993bcb8dc198f0e7a89382d37974b/win32_setctime-1.2.0-py3-none-any.whl", hash = "sha256:95d644c4e708aba81dc3704a116d8cbc974d70b3bdb8be1d150e36be6e9d1390", size = 4083, upload-time = "2024-12-07T15:28:26.465Z" },
]
