version = 1
revision = 3
requires-python = "==3.13.*"

[[package]]
name = "bambu-spoolman"
version = "0.1.0"
source = { editable = "." }
dependencies = [
    { name = "grpcio" },
    { name = "loguru" },
    { name = "paho-mqtt" },
    { name = "protobuf" },
    { name = "python-dotenv" },
    { name = "requests" },
]

[package.dev-dependencies]
dev = [
    { name = "grpcio-tools" },
    { name = "ruff" },
]

[package.metadata]
requires-dist = [
    { name = "grpcio", specifier = ">=1.76.0" },
    { name = "loguru", specifier = ">=0.7.3,<0.8" },
    { name = "paho-mqtt", specifier = ">=2.1.0,<3" },
    { name = "protobuf", specifier = ">=6.33.5" },
    { name = "python-dotenv", specifier = ">=1.2.2,<2" },
    { name = "requests", specifier = ">=2.34.2,<3" },
]

[package.metadata.requires-dev]
dev = [
    { name = "grpcio-tools", specifier = ">=1.76.0" },
    { name = "ruff", specifier = ">=0.8.6,<0.9" },
]

[[package]]
name = "certifi"
version = "2026.7.22"
source = { registry = "https://pypi.org/simple" }
sdist = { url = "https://files.pythonhosted.org/packages/a3/c2/24167ea9858356b47a87a50d39908bfdb72ceeefe0041586e704e5376b3a/certifi-2026.7.22.tar.gz", hash = "sha256:741e2c3b351ddf169a738da9f2c048608ff7f2c5cc02f1ebc6b118bb090d5d55", size = 138112, upload-time = "2026-07-22T03:35:12.644Z" }
wheels = [
    { url = "https://files.pythonhosted.org/packages/0b/a7/71ac2cff56fec219ed242bb11b8efb69fcc4bec75db06fb7bfe35de520e6/certifi-2026.7.22-py3-none-any.whl", hash = "sha256:62f22742b58a1a33014a2b6b706588a8d7e2a88ae7bd1a6ebe8c992928483775", size = 136983, upload-time = "2026-07-22T03:35:11.276Z" },
]

[[package]]
name = "charset-normalizer"
version = "3.5.0"
source = { registry = "https://pypi.org/simple" }
sdist = { url = "https://files.pythonhosted.org/packages/cb/31/4971872b3ed8715346231fb6eb4da8fcba65a4143c189db151ee28a2812b/charset_normalizer-3.5.0.tar.gz", hash = "sha256:49bd5feb59b0bf3cbf6ebcf4352e371c95b9da9bacd4449f8b64d0ad2c10a26e", size = 169295, upload-time = "2026-08-12T14:35:31.624Z" }
wheels = [
    { url = "https://files.pythonhosted.org/packages/1d/be/cc7b7b6fc41984902c0d31b06f5d9297e67705c1dae9352608e5540fad09/charset_normalizer-3.5.0-cp313-cp313-android_24_arm64_v8a.whl", hash = "sha256:5c23fa4f6eccdd601949cb00f3988c01d64e671d8faba356397971077022e144", size = 211050, upload-time = "2026-08-12T14:32:47.81Z" },
    { url = "https://files.pythonhosted.org/packages/d3/ae/e3ec8f17313609f43f7b323012fdb1ee37b83432277ca4eceba83e00366c/charset_normalizer-3.5.0-cp313-cp313-android_24_x86_64.whl", hash = "sha256:07f6f42b5a6325df35b458004fb5f9f29bf502d89287a33c7cdef3590e31de0f", size = 222768, upload-time = "2026-08-12T14:32:49.027Z" },
    { url = "https://files.pythonhosted.org/packages/c5/50/9f9c0d7ccc1512d49e27a0e7c12c58ec71dfe91698fa4326f058c33e1f1b/charset_normalizer-3.5.0-cp313-cp313-ios_13_0_arm64_iphoneos.whl", hash = "sha256:8efc3f1563ed431882dd0dc0411b5f8ace1b1b89074981deaf6bd8af77dbe1bc", size = 193907, upload-time = "2026-08-12T14:32:50.414Z" },
    { url = "https://files.pythonhosted.org/packages/fd/1d/cfe7b745ef7f4c3b7214581955b5a0869ba2ac551a58fc11036281ae167c/charset_normalizer-3.5.0-cp313-cp313-ios_13_0_arm64_iphonesimulator.whl", hash = "sha256:368eb2fc9482158b3a3386e8f01fa61f479c968e9a19ceab8f0188b86b312991", size = 197135, upload-time = "2026-08-12T14:32:51.605Z" },
    { url = "https://files.pythonhosted.org/packages/28/55/30fafdcfca9ba616bc394240545e4cd52f4f66dea43ded81b7d2d5274fde/charset_normalizer-3.5.0-cp313-cp313-macosx_10_13_universal2.whl", hash = "sha256:826a295a039178479a325be1ae60eded1f0b10f7dda749df59e2440de8f61d64", size = 339892, upload-time = "2026-08-12T14:32:52.82Z" },
    { url = "https://files.pythonhosted.org/packages/f4/08/bdca5fc2bdc36ee443673dc7d12b23885a5a7b282bef85a1a4c3b325b40e/charset_normalizer-3.5.0-cp313-cp313-manylinux2014_aarch64.manylinux_2_17_aarch64.manylinux_2_28_aarch64.whl", hash = "sha256:70ff1c16eb0eb5ee6bb12739292347f981a5ba764cc4df1bc2e69b0405d4ac3b", size = 239439, upload-time = "2026-08-12T14:32:54.058Z" },
    { url = "https://files.pythonhosted.org/packages/d1/9e/506c8d7a7722bba7c8cdd78c1b5ef23bda92bfbe0b3e28ea84673d519a0f/charset_normalizer-3.5.0-cp313-cp313-manylinux2014_armv7l.manylinux_2_17_armv7l.manylinux_2_31_armv7l.whl", hash = "sha256:3cfdab178a4add5483e26a9bb1c16d8018ccf39b4be7a3aea6c3979e6828f2ee", size = 227896, upload-time = "2026-08-12T14:32:55.326Z" },
    { url = "https://files.pythonhosted.org/packages/0d/1a/dd828f2b1d6f4bf10821b9a74d866be05ffcdbfcddfc501d6fe6428762a7/charset_normalizer-3.5.0-cp313-cp313-manylinux2014_ppc64le.manylinux_2_17_ppc64le.manylinux_2_28_ppc64le.whl", hash = "sha256:6083d10a846218502d664375b9448508d9fa580bd834567423156c6abfbe899d", size = 262548, upload-time = "2026-08-12T14:32:56.484Z" },
    { url = "https://files.pythonhosted.org/packages/be/81/196d26f6bd78b93e0d451b69082a71027ceeddd4b0be9170b81bb038f824/charset_normalizer-3.5.0-cp313-cp313-manylinux2014_s390x.manylinux_2_17_s390x.manylinux_2_28_s390x.whl", hash = "sha256:0f211c21aa316cb6e2662e54a1194633a79d98a50a876addacfce7ba5b34b09f", size = 259986, upload-time = "2026-08-12T14:32:57.661Z" },
    { url = "https://files.pythonhosted.org/packages/3a/6a/5b964a1eb0f9075ecd45083eeb21aaec215334f98bac3d400302ea73875d/charset_normalizer-3.5.0-cp313-cp313-manylinux2014_x86_64.manylinux_2_17_x86_64.manylinux_2_28_x86_64.whl", hash = "sha256:3b08ebf9488c7ff5eff038e48e6ea938178dfd9dcc8598b5ca941e4ae27b20be", size = 249853, upload-time = "2026-08-12T14:32:59.123Z" },
    { url = "https://files.pythonhosted.org/packages/c8/b4/aee3a9d82edd0e931091ef3e9f03e46491ae3590e96e998d0975dadbe17c/charset_normalizer-3.5.0-cp313-cp313-manylinux_2_31_riscv64.manylinux_2_39_riscv64.whl", hash = "sha256:6c95450fce59f00c6d08eff6572ec2e736e5054c9450253afd5748f8416f2eb9", size = 244217, upload-time = "2026-08-12T14:33:00.341Z" },
    { url = "https://files.pythonhosted.org/packages/22/3e/33f72ca11c1b619b220fd9f35905ebd171cbd0e0470f2357e467b9e861ee/charset_normalizer-3.5.0-cp313-cp313-musllinux_1_2_aarch64.whl", hash = "sha256:5780a29823e1d2bec69b7a104ead4195a43f3e97782efaedbf1f79a0157af715", size = 241307, upload-time = "2026-08-12T14:33:01.589Z" },
    { url = "https://files.pythonhosted.org/packages/78/27/6029dccba958621c7f3a65136f87c5512d712aef9e890f09512cc171bd03/charset_normalizer-3.5.0-cp313-cp313-musllinux_1_2_armv7l.whl", hash = "sha256:054420b5db984971d886e5e4e2c37c760ae6682aedbd066687ff0949d9ed5f08", size = 233305, upload-time = "2026-08-12T14:33:02.866Z" },
    { url = "https://files.pythonhosted.org/packages/18/d7/691c967be459153fe9faf49bf78bc95639ef8bf6dd008f38cc6389a349eb/charset_normalizer-3.5.0-cp313-cp313-musllinux_1_2_ppc64le.whl", hash = "sha256:d016dc857136c726958102c3b8a3986acdc65ace6fbf12cfdc09cc4bfa2935b2", size = 263465, upload-time = "2026-08-12T14:33:04.166Z" },
    { url = "https://files.pythonhosted.org/packages/7c/2d/9202221be5c90b2a835924191e362690ed8dc8c7d6606100c2bd03fe0f8c/charset_normalizer-3.5.0-cp313-cp313-musllinux_1_2_riscv64.whl", hash = "sha256:f2ce3d39fb4a9d674e6639dd5d3146b2e273475d2260f10163228d66fc04433d", size = 245060, upload-time = "2026-08-12T14:33:05.325Z" },
    { url = "https://files.pythonhosted.org/packages/b3/9a/298772fd0a0cbccadf36451a1cd7eef4b66a11e99b4a7f6fafc47cc62c75/charset_normalizer-3.5.0-cp313-cp313-musllinux_1_2_s390x.whl", hash = "sha256:a5613a3a82c974227bde18f03409e30c467f8065cb56d822e3eb83708a5f223d", size = 261091, upload-time = "2026-08-12T14:33:06.475Z" },
    { url = "https://files.pythonhosted.org/packages/82/3b/1a11fe66e555dbe2f5714ade6ba74fa29edc9155d9cf1001d4d6ed096aa7/charset_normalizer-3.5.0-cp313-cp313-musllinux_1_2_x86_64.whl", hash = "sha256:fded2e82ff082e5d8e017e2ddcc1411bd8cb83b8585097fc401ef574f756b888", size = 251857, upload-time = "2026-08-12T14:33:07.784Z" },
    { url = "https://files.pythonhosted.org/packages/17/fc/73b817e8af3f1d25ec5cf458d405abba5a144cf9812238a61530f5eac186/charset_normalizer-3.5.0-cp313-cp313-pyemscripten_2025_0_wasm32.whl", hash = "sha256:8f006866047c6ec4b627ec144b1e0bbc7427cb31fd7c08d19897d0ac9032af3d", size = 139745, upload-time = "2026-08-12T14:33:09.123Z" },
    { url = "https://files.pythonhosted.org/packages/b3/fb/ddb66303c86f7dc5043a457dad9fa82b4d6d0cb97094f9bcdde21693fd58/charset_normalizer-3.5.0-cp313-cp313-win32.whl", hash = "sha256:196e270c4e80827b5072eed7d6aa661d133afada94fe366669f9609e718d305e", size = 177217, upload-time = "2026-08-12T14:33:10.305Z" },
    { url = "https://files.pythonhosted.org/packages/fb/88/6018cc8d76ea2b7cb02918f37e23e86c261d1a102713d7e88d2cfb8b211c/charset_normalizer-3.5.0-cp313-cp313-win_amd64.whl", hash = "sha256:72982d9958a42f8132bf2d6b90214ed66477295ef1188731f98ae3511c6eeb5a", size = 198896, upload-time = "2026-08-12T14:33:11.51Z" },
    { url = "https://files.pythonhosted.org/packages/20/2e/04c0bbfc8d9abf91959f7a3d207d45cbf63a8116984caae2381890019bb5/charset_normalizer-3.5.0-cp313-cp313-win_arm64.whl", hash = "sha256:0b373bab0b867b68b8eb249da9478cab9181a42993437cd2f5dba5fb0b4fbd1b", size = 179193, upload-time = "2026-08-12T14:33:12.726Z" },
    { url = "https://files.pythonhosted.org/packages/5b/f3/7b523d807cb5e73562ef8acf21d39cdb9d704955327362c781bc3478a73d/charset_normalizer-3.5.0-cp37-abi3-macosx_10_9_universal2.whl", hash = "sha256:5a4ee37248dfac25107c758bda99d545ce73e60b44d2dd39e4a2bb9f2831e9f5", size = 330840, upload-time = "2026-08-12T14:34:45.06Z" },
    { url = "https://files.pythonhosted.org/packages/f0/de/fc68978fe78ca97063c96d764e41ff92ca639948f319271e0ff450e577a2/charset_normalizer-3.5.0-cp37-abi3-manylinux1_x86_64.manylinux_2_28_x86_64.manylinux_2_5_x86_64.whl", hash = "sha256:a864bdcacd8bff58bb4845304e031f821a3ec64b2b7259f2d409cd49c9e59ca3", size = 251862, upload-time = "2026-08-12T14:34:46.58Z" },
    { url = "https://files.pythonhosted.org/packages/a9/cb/82b41a0ab7fb1a88065f1d78ad32696ad88ea3fe8e25b8189d08833938de/charset_normalizer-3.5.0-cp37-abi3-manylinux2014_aarch64.manylinux_2_17_aarch64.manylinux_2_28_aarch64.whl", hash = "sha256:84b736e3b391601bc47b86da381c749c0f894e9191aaca9f31f30c2632206df3", size = 239484, upload-time = "2026-08-12T14:34:47.869Z" },
    { url = "https://files.pythonhosted.org/packages/e8/0c/19608b631f4538f908098d4a2d56a8f79a665e27cc58e9d90479761a9227/charset_normalizer-3.5.0-cp37-abi3-manylinux2014_armv7l.manylinux_2_17_armv7l.manylinux_2_31_armv7l.whl", hash = "sha256:6abb1f356fb865baeb6ebc3fadd843e9a96fbf49b9adcca55037f3cceccb7438", size = 230602, upload-time = "2026-08-12T14:34:49.265Z" },
    { url = "https://files.pythonhosted.org/packages/29/db/f648eb30e14eba301aed61e11672156f137905c1bdbb530151abe8065943/charset_normalizer-3.5.0-cp37-abi3-manylinux2014_ppc64le.manylinux_2_17_ppc64le.manylinux_2_28_ppc64le.whl", hash = "sha256:1d366548d2ee28a8cfdcc4296363978cc644a728333be9824d2de4652e83df0a", size = 259208, upload-time = "2026-08-12T14:34:50.632Z" },
    { url = "https://files.pythonhosted.org/packages/d3/e0/ed2c8bdbac484d69614d6993143aeb6cb0f4dd1561c883402517b623c8ef/charset_normalizer-3.5.0-cp37-abi3-manylinux2014_s390x.manylinux_2_17_s390x.manylinux_2_28_s390x.whl", hash = "sha256:d672f329ae504ee240eb39b6effb3318aa8e7e8924c0ce8eee5760b3fad98539", size = 253659, upload-time = "2026-08-12T14:34:52.11Z" },
    { url = "https://files.pythonhosted.org/packages/32/08/b4907cb9ec5b521d9d024ced13611240b86ef065c2eb15b3ad2334dc9940/charset_normalizer-3.5.0-cp37-abi3-manylinux_2_31_riscv64.manylinux_2_39_riscv64.whl", hash = "sha256:c54036a518748b6c02e666f6d46c3817561998fb904c3be25b56fb4fe3dc5706", size = 248821, upload-time = "2026-08-12T14:34:53.399Z" },
    { url = "https://files.pythonhosted.org/packages/12/b2/e2d1abcfbc05822f0030869efb4e9f8a3658e13b4821796d4b62da917327/charset_normalizer-3.5.0-cp37-abi3-musllinux_1_2_aarch64.whl", hash = "sha256:22a1889f1c9b752c63c36758a0c2145458e3cadb20fced7a0790002e9dd12b26", size = 240271, upload-time = "2026-08-12T14:34:55.09Z" },
    { url = "https://files.pythonhosted.org/packages/dc/f9/4ba127ad610542fa3eabfa41c45bf12d357860a815b3566374ec0188e213/charset_normalizer-3.5.0-cp37-abi3-musllinux_1_2_armv7l.whl", hash = "sha256:b7eb3eab5c646d3de7dcb14a7c9caebace5249c5767da39e1761cb1576e521a3", size = 232155, upload-time = "2026-08-12T14:34:56.543Z" },
    { url = "https://files.pythonhosted.org/packages/01/68/40613182366d00bd6dbd5f6c84a926cbd120960e038a8269e9ae7d782762/charset_normalizer-3.5.0-cp37-abi3-musllinux_1_2_ppc64le.whl", hash = "sha256:2080aa129a28267984cdc902898993d788c995c384e285d0d19199f56760d52e", size = 259674, upload-time = "2026-08-12T14:34:57.815Z" },
    { url = "https://files.pythonhosted.org/packages/0a/53/4574a14fa4c9de4a6c9f31725354bfa40b67f653e6d594ce1654f9a41b32/charset_normalizer-3.5.0-cp37-abi3-musllinux_1_2_riscv64.whl", hash = "sha256:fd68c825548a611158230e2f9222e210ceb2e3391995c0aa5865cbdf3ab4bd49", size = 246122, upload-time = "2026-08-12T14:34:59.337Z" },
    { url = "https://files.pythonhosted.org/packages/5a/02/bd8030d13d92c058ca7b2b9615bbb3169569e144db64d65c149cd45abf5e/charset_normalizer-3.5.0-cp37-abi3-musllinux_1_2_s390x.whl", hash = "sha256:d8a9316f4da85e937242642b537c6d55d7e9287dd38e5634732f8233932aff45", size = 255221, upload-time = "2026-08-12T14:35:00.71Z" },
    { url = "https://files.pythonhosted.org/packages/77/9d/10ecd3bcbe2666b3d4d4026c97b48f73990682815db516052a1e8f4a31c5/charset_normalizer-3.5.0-cp37-abi3-musllinux_1_2_x86_64.whl", hash = "sha256:d90254c8f609338c53ec180fcd4c4f9c16502e238e3fc88ca7fd4c2f38d445b8", size = 253450, upload-time = "2026-08-12T14:35:02.217Z" },
    { url = "https://files.pythonhosted.org/packages/e4/0f/d044c4872c0938a84f87b5027a698c0e61bacfc5c3551a4e749ca9b7bc5c/charset_normalizer-3.5.0-cp37-abi3-win32.whl", hash = "sha256:8b3e9e29b8b07cc461b9ce7768db7693a93979d0dadf22046f6f3555ded2f516", size = 173594, upload-time = "2026-08-12T14:35:03.845Z" },
    { url = "https://files.pythonhosted.org/packages/10/6b/6046773901f1944b9a89436351529811ee958afc7b774563be9d74a6f0c3/charset_normalizer-3.5.0-cp37-abi3-win_amd64.whl", hash = "sha256:0c8953d9d1617794cfc40d81179571c9ba3805dd029623a15c93f1fb70e60a74", size = 198959, upload-time = "2026-08-12T14:35:05.187Z" },
    { url = "https://files.pythonhosted.org/packages/ab/a6/b57708ac92aefc8e8389d51d5178129b81f03196da61ee2c23e687b8178a/charset_normalizer-3.5.0-cp37-abi3-win_arm64.whl", hash = "sha256:562d24ca7797c1af8852994950c2e623a907b201fc4b0ed29e92af173d3828ca", size = 267055, upload-time = "2026-08-12T14:35:06.533Z" },
    { url = "https://files.pythonhosted.org/packages/22/c7/754d09943a616937df61e4ba367c409ded2a987e872972098d51a6fcf73b/charset_normalizer-3.5.0-py3-none-any.whl", hash = "sha256:993dfcbe75a85a3784abb5084f2c41b915767c90546fcc92803cffa28611baea", size = 67943, upload-time = "2026-08-12T14:35:30.363Z" },
]

[[package]]
name = "colorama"
version = "0.4.6"
source = { registry = "https://pypi.org/simple" }
sdist = { url = "https://files.pythonhosted.org/packages/d8/53/6f443c9a4a8358a93a6792e2acffb9d9d5cb0a5cfd8802644b7b1c9a02e4/colorama-0.4.6.tar.gz", hash = "sha256:08695f5cb7ed6e0531a20572697297273c47b8cae5a63ffc6d6ed5c201be6e44", size = 27697, upload-time = "2022-10-25T02:36:22.414Z" }
wheels = [
    { url = "https://files.pythonhosted.org/packages/d1/d6/3965ed04c63042e047cb6a3e6ed1a63a35087b6a609aa3a15ed8ac56c221/colorama-0.4.6-py2.py3-none-any.whl", hash = "sha256:4f1d9991f5acc0ca119f9d443620b77f9d6b33703e51011c16baf57afb285fc6", size = 25335, upload-time = "2022-10-25T02:36:20.889Z" },
]

[[package]]
name = "grpcio"
version = "1.76.0"
source = { registry = "https://pypi.org/simple" }
dependencies = [
    { name = "typing-extensions" },
]
sdist = { url = "https://files.pythonhosted.org/packages/b6/e0/318c1ce3ae5a17894d5791e87aea147587c9e702f24122cc7a5c8bbaeeb1/grpcio-1.76.0.tar.gz", hash = "sha256:7be78388d6da1a25c0d5ec506523db58b18be22d9c37d8d3a32c08be4987bd73", size = 12785182, upload-time = "2025-10-21T16:23:12.106Z" }
wheels = [
    { url = "https://files.pythonhosted.org/packages/fc/ed/71467ab770effc9e8cef5f2e7388beb2be26ed642d567697bb103a790c72/grpcio-1.76.0-cp313-cp313-linux_armv7l.whl", hash = "sha256:26ef06c73eb53267c2b319f43e6634c7556ea37672029241a056629af27c10e2", size = 5807716, upload-time = "2025-10-21T16:21:48.475Z" },
    { url = "https://files.pythonhosted.org/packages/2c/85/c6ed56f9817fab03fa8a111ca91469941fb514e3e3ce6d793cb8f1e1347b/grpcio-1.76.0-cp313-cp313-macosx_11_0_universal2.whl", hash = "sha256:45e0111e73f43f735d70786557dc38141185072d7ff8dc1829d6a77ac1471468", size = 11821522, upload-time = "2025-10-21T16:21:51.142Z" },
    { url = "https://files.pythonhosted.org/packages/ac/31/2b8a235ab40c39cbc141ef647f8a6eb7b0028f023015a4842933bc0d6831/grpcio-1.76.0-cp313-cp313-manylinux2014_aarch64.manylinux_2_17_aarch64.whl", hash = "sha256:83d57312a58dcfe2a3a0f9d1389b299438909a02db60e2f2ea2ae2d8034909d3", size = 6362558, upload-time = "2025-10-21T16:21:54.213Z" },
    { url = "https://files.pythonhosted.org/packages/bd/64/9784eab483358e08847498ee56faf8ff6ea8e0a4592568d9f68edc97e9e9/grpcio-1.76.0-cp313-cp313-manylinux2014_i686.manylinux_2_17_i686.whl", hash = "sha256:3e2a27c89eb9ac3d81ec8835e12414d73536c6e620355d65102503064a4ed6eb", size = 7049990, upload-time = "2025-10-21T16:21:56.476Z" },
    { url = "https://files.pythonhosted.org/packages/2b/94/8c12319a6369434e7a184b987e8e9f3b49a114c489b8315f029e24de4837/grpcio-1.76.0-cp313-cp313-manylinux2014_x86_64.manylinux_2_17_x86_64.whl", hash = "sha256:61f69297cba3950a524f61c7c8ee12e55c486cb5f7db47ff9dcee33da6f0d3ae", size = 6575387, upload-time = "2025-10-21T16:21:59.051Z" },
    { url = "https://files.pythonhosted.org/packages/15/0f/f12c32b03f731f4a6242f771f63039df182c8b8e2cf8075b245b409259d4/grpcio-1.76.0-cp313-cp313-musllinux_1_2_aarch64.whl", hash = "sha256:6a15c17af8839b6801d554263c546c69c4d7718ad4321e3166175b37eaacca77", size = 7166668, upload-time = "2025-10-21T16:22:02.049Z" },
    { url = "https://files.pythonhosted.org/packages/ff/2d/3ec9ce0c2b1d92dd59d1c3264aaec9f0f7c817d6e8ac683b97198a36ed5a/grpcio-1.76.0-cp313-cp313-musllinux_1_2_i686.whl", hash = "sha256:25a18e9810fbc7e7f03ec2516addc116a957f8cbb8cbc95ccc80faa072743d03", size = 8124928, upload-time = "2025-10-21T16:22:04.984Z" },
    { url = "https://files.pythonhosted.org/packages/1a/74/fd3317be5672f4856bcdd1a9e7b5e17554692d3db9a3b273879dc02d657d/grpcio-1.76.0-cp313-cp313-musllinux_1_2_x86_64.whl", hash = "sha256:931091142fd8cc14edccc0845a79248bc155425eee9a98b2db2ea4f00a235a42", size = 7589983, upload-time = "2025-10-21T16:22:07.881Z" },
    { url = "https://files.pythonhosted.org/packages/45/bb/ca038cf420f405971f19821c8c15bcbc875505f6ffadafe9ffd77871dc4c/grpcio-1.76.0-cp313-cp313-win32.whl", hash = "sha256:5e8571632780e08526f118f74170ad8d50fb0a48c23a746bef2a6ebade3abd6f", size = 3984727, upload-time = "2025-10-21T16:22:10.032Z" },
    { url = "https://files.pythonhosted.org/packages/41/80/84087dc56437ced7cdd4b13d7875e7439a52a261e3ab4e06488ba6173b0a/grpcio-1.76.0-cp313-cp313-win_amd64.whl", hash = "sha256:f9f7bd5faab55f47231ad8dba7787866b69f5e93bc306e3915606779bbfb4ba8", size = 4702799, upload-time = "2025-10-21T16:22:12.709Z" },
]

[[package]]
name = "grpcio-tools"
version = "1.76.0"
source = { registry = "https://pypi.org/simple" }
dependencies = [
    { name = "grpcio" },
    { name = "protobuf" },
    { name = "setuptools" },
]
sdist = { url = "https://files.pythonhosted.org/packages/a0/77/17d60d636ccd86a0db0eccc24d02967bbc3eea86b9db7324b04507ebaa40/grpcio_tools-1.76.0.tar.gz", hash = "sha256:ce80169b5e6adf3e8302f3ebb6cb0c3a9f08089133abca4b76ad67f751f5ad88", size = 5390807, upload-time = "2025-10-21T16:26:55.416Z" }
wheels = [
    { url = "https://files.pythonhosted.org/packages/13/01/b16fe73f129df49811d886dc99d3813a33cf4d1c6e101252b81c895e929f/grpcio_tools-1.76.0-cp313-cp313-linux_armv7l.whl", hash = "sha256:ff48969f81858397ef33a36b326f2dbe2053a48b254593785707845db73c8f44", size = 2546312, upload-time = "2025-10-21T16:25:37.138Z" },
    { url = "https://files.pythonhosted.org/packages/25/17/2594c5feb76bb0b25bfbf91ec1075b276e1b2325e4bc7ea649a7b5dbf353/grpcio_tools-1.76.0-cp313-cp313-macosx_11_0_universal2.whl", hash = "sha256:aa2f030fd0ef17926026ee8e2b700e388d3439155d145c568fa6b32693277613", size = 5839627, upload-time = "2025-10-21T16:25:40.082Z" },
    { url = "https://files.pythonhosted.org/packages/c7/c6/097b1aa26fbf72fb3cdb30138a2788529e4f10d8759de730a83f5c06726e/grpcio_tools-1.76.0-cp313-cp313-manylinux2014_aarch64.manylinux_2_17_aarch64.whl", hash = "sha256:bacbf3c54f88c38de8e28f8d9b97c90b76b105fb9ddef05d2c50df01b32b92af", size = 2592817, upload-time = "2025-10-21T16:25:42.301Z" },
    { url = "https://files.pythonhosted.org/packages/03/78/d1d985b48592a674509a85438c1a3d4c36304ddfc99d1b05d27233b51062/grpcio_tools-1.76.0-cp313-cp313-manylinux2014_i686.manylinux_2_17_i686.whl", hash = "sha256:0d4e4afe9a0e3c24fad2f1af45f98cf8700b2bfc4d790795756ba035d2ea7bdc", size = 2905186, upload-time = "2025-10-21T16:25:44.395Z" },
    { url = "https://files.pythonhosted.org/packages/b9/0e/770afbb47f0b5f594b93a7b46a95b892abda5eebe60efb511e96cee52170/grpcio_tools-1.76.0-cp313-cp313-manylinux2014_x86_64.manylinux_2_17_x86_64.whl", hash = "sha256:fbbd4e1fc5af98001ceef5e780e8c10921d94941c3809238081e73818ef707f1", size = 2656188, upload-time = "2025-10-21T16:25:46.942Z" },
    { url = "https://files.pythonhosted.org/packages/3d/2b/017c2fcf4c5d3cf00cf7d5ce21eb88521de0d89bdcf26538ad2862ec6d07/grpcio_tools-1.76.0-cp313-cp313-musllinux_1_2_aarch64.whl", hash = "sha256:b05efe5a59883ab8292d596657273a60e0c3e4f5a9723c32feb9fc3a06f2f3ef", size = 3109141, upload-time = "2025-10-21T16:25:49.137Z" },
    { url = "https://files.pythonhosted.org/packages/e9/5f/2495f88e3d50c6f2c2da2752bad4fa3a30c52ece6c9d8b0c636cd8b1430b/grpcio_tools-1.76.0-cp313-cp313-musllinux_1_2_i686.whl", hash = "sha256:be483b90e62b7892eb71fa1fc49750bee5b2ee35b5ec99dd2b32bed4bedb5d71", size = 3657892, upload-time = "2025-10-21T16:25:52.362Z" },
    { url = "https://files.pythonhosted.org/packages/5e/1d/c4f39d31b19d9baf35d900bf3f969ce1c842f63a8560c8003ed2e5474760/grpcio_tools-1.76.0-cp313-cp313-musllinux_1_2_x86_64.whl", hash = "sha256:630cd7fd3e8a63e20703a7ad816979073c2253e591b5422583c27cae2570de73", size = 3324778, upload-time = "2025-10-21T16:25:54.629Z" },
    { url = "https://files.pythonhosted.org/packages/b4/b6/35ee3a6e4af85a93da28428f81f4b29bcb36f6986b486ad71910fcc02e25/grpcio_tools-1.76.0-cp313-cp313-win32.whl", hash = "sha256:eb2567280f9f6da5444043f0e84d8408c7a10df9ba3201026b30e40ef3814736", size = 993084, upload-time = "2025-10-21T16:25:56.52Z" },
    { url = "https://files.pythonhosted.org/packages/f3/7a/5bd72344d86ee860e5920c9a7553cfe3bc7b1fce79f18c00ac2497f5799f/grpcio_tools-1.76.0-cp313-cp313-win_amd64.whl", hash = "sha256:0071b1c0bd0f5f9d292dca4efab32c92725d418e57f9c60acdc33c0172af8b53", size = 1158151, upload-time = "2025-10-21T16:25:58.468Z" },
]

[[package]]
name = "idna"
version = "3.18"
source = { registry = "https://pypi.org/simple" }
sdist = { url = "https://files.pythonhosted.org/packages/cd/63/9496c57188a2ee585e0f1db071d75089a11e98aa86eb99d9d7618fc1edce/idna-3.18.tar.gz", hash = "sha256:ffb385a7e039654cef1ab9ef32c6fafe283c0c0467bba1d9029738ce4a14a848", size = 196711, upload-time = "2026-06-02T14:34:07.794Z" }
wheels = [
    { url = "https://files.pythonhosted.org/packages/1e/5e/d4e9f1a599fb8e573b7b87160658329fbf28d19eac2718f51fc3def3aa5a/idna-3.18-py3-none-any.whl", hash = "sha256:7f952cbe720b688055e3f87de14f5c3e5fdaa8bc3928985c4077ca689de849a2", size = 65455, upload-time = "2026-06-02T14:34:06.319Z" },
]

[[package]]
name = "loguru"
version = "0.7.3"
source = { registry = "https://pypi.org/simple" }
dependencies = [
    { name = "colorama", marker = "sys_platform == 'win32'" },
    { name = "win32-setctime", marker = "sys_platform == 'win32'" },
]
sdist = { url = "https://files.pythonhosted.org/packages/3a/05/a1dae3dffd1116099471c643b8924f5aa6524411dc6c63fdae648c4f1aca/loguru-0.7.3.tar.gz", hash = "sha256:19480589e77d47b8d85b2c827ad95d49bf31b0dcde16593892eb51dd18706eb6", size = 63559, upload-time = "2024-12-06T11:20:56.608Z" }
wheels = [
    { url = "https://files.pythonhosted.org/packages/0c/29/0348de65b8cc732daa3e33e67806420b2ae89bdce2b04af740289c5c6c8c/loguru-0.7.3-py3-none-any.whl", hash = "sha256:31a33c10c8e1e10422bfd431aeb5d351c7cf7fa671e3c4df004162264b28220c", size = 61595, upload-time = "2024-12-06T11:20:54.538Z" },
]

[[package]]
name = "paho-mqtt"
version = "2.1.0"
source = { registry = "https://pypi.org/simple" }
sdist = { url = "https://files.pythonhosted.org/packages/39/15/0a6214e76d4d32e7f663b109cf71fb22561c2be0f701d67f93950cd40542/paho_mqtt-2.1.0.tar.gz", hash = "sha256:12d6e7511d4137555a3f6ea167ae846af2c7357b10bc6fa4f7c3968fc1723834", size = 148848, upload-time = "2024-04-29T19:52:55.591Z" }
wheels = [
    { url = "https://files.pythonhosted.org/packages/c4/cb/00451c3cf31790287768bb12c6bec834f5d292eaf3022afc88e14b8afc94/paho_mqtt-2.1.0-py3-none-any.whl", hash = "sha256:6db9ba9b34ed5bc6b6e3812718c7e06e2fd7444540df2455d2c51bd58808feee", size = 67219, upload-time = "2024-04-29T19:52:48.345Z" },
]

[[package]]
name = "protobuf"
version = "6.33.5"
source = { registry = "https://pypi.org/simple" }
sdist = { url = "https://files.pythonhosted.org/packages/ba/25/7c72c307aafc96fa87062aa6291d9f7c94836e43214d43722e86037aac02/protobuf-6.33.5.tar.gz", hash = "sha256:6ddcac2a081f8b7b9642c09406bc6a4290128fce5f471cddd165960bb9119e5c", size = 444465, upload-time = "2026-01-29T21:51:33.494Z" }
wheels = [
    { url = "https://files.pythonhosted.org/packages/b1/79/af92d0a8369732b027e6d6084251dd8e782c685c72da161bd4a2e00fbabb/protobuf-6.33.5-cp310-abi3-win32.whl", hash = "sha256:d71b040839446bac0f4d162e758bea99c8251161dae9d0983a3b88dee345153b", size = 425769, upload-time = "2026-01-29T21:51:21.751Z" },
    { url = "https://files.pythonhosted.org/packages/55/75/bb9bc917d10e9ee13dee8607eb9ab963b7cf8be607c46e7862c748aa2af7/protobuf-6.33.5-cp310-abi3-win_amd64.whl", hash = "sha256:3093804752167bcab3998bec9f1048baae6e29505adaf1afd14a37bddede533c", size = 437118, upload-time = "2026-01-29T21:51:24.022Z" },
    { url = "https://files.pythonhosted.org/packages/a2/6b/e48dfc1191bc5b52950246275bf4089773e91cb5ba3592621723cdddca62/protobuf-6.33.5-cp39-abi3-macosx_10_9_universal2.whl", hash = "sha256:a5cb85982d95d906df1e2210e58f8e4f1e3cdc088e52c921a041f9c9a0386de5", size = 427766, upload-time = "2026-01-29T21:51:25.413Z" },
    { url = "https://files.pythonhosted.org/packages/4e/b1/c79468184310de09d75095ed1314b839eb2f72df71097db9d1404a1b2717/protobuf-6.33.5-cp39-abi3-manylinux2014_aarch64.whl", hash = "sha256:9b71e0281f36f179d00cbcb119cb19dec4d14a81393e5ea220f64b286173e190", size = 324638, upload-time = "2026-01-29T21:51:26.423Z" },
    { url = "https://files.pythonhosted.org/packages/c5/f5/65d838092fd01c44d16037953fd4c2cc851e783de9b8f02b27ec4ffd906f/protobuf-6.33.5-cp39-abi3-manylinux2014_s390x.whl", hash = "sha256:8afa18e1d6d20af15b417e728e9f60f3aa108ee76f23c3b2c07a2c3b546d3afd", size = 339411, upload-time = "2026-01-29T21:51:27.446Z" },
    { url = "https://files.pythonhosted.org/packages/9b/53/a9443aa3ca9ba8724fdfa02dd1887c1bcd8e89556b715cfbacca6b63dbec/protobuf-6.33.5-cp39-abi3-manylinux2014_x86_64.whl", hash = "sha256:cbf16ba3350fb7b889fca858fb215967792dc125b35c7976ca4818bee3521cf0", size = 323465, upload-time = "2026-01-29T21:51:28.925Z" },
    { url = "https://files.pythonhosted.org/packages/57/bf/2086963c69bdac3d7cff1cc7ff79b8ce5ea0bec6797a017e1be338a46248/protobuf-6.33.5-py3-none-any.whl", hash = "sha256:69915a973dd0f60f31a08b8318b73eab2bd6a392c79184b3612226b0a3f8ec02", size = 170687, upload-time = "2026-01-29T21:51:32.557Z" },
]

[[package]]
name = "python-dotenv"
version = "1.2.2"
source = { registry = "https://pypi.org/simple" }
sdist = { url = "https://files.pythonhosted.org/packages/82/ed/0301aeeac3e5353ef3d94b6ec08bbcabd04a72018415dcb29e588514bba8/python_dotenv-1.2.2.tar.gz", hash = "sha256:2c371a91fbd7ba082c2c1dc1f8bf89ca22564a087c2c287cd9b662adde799cf3", size = 50135, upload-time = "2026-03-01T16:00:26.196Z" }
wheels = [
    { url = "https://files.pythonhosted.org/packages/0b/d7/1959b9648791274998a9c3526f6d0ec8fd2233e4d4acce81bbae76b44b2a/python_dotenv-1.2.2-py3-none-any.whl", hash = "sha256:1d8214789a24de455a8b8bd8ae6fe3c6b69a5e3d64aa8a8e5d68e694bbcb285a", size = 22101, upload-time = "2026-03-01T16:00:25.09Z" },
]

[[package]]
name = "requests"
version = "2.34.2"
source = { registry = "https://pypi.org/simple" }
dependencies = [
    { name = "certifi" },
    { name = "charset-normalizer" },
    { name = "idna" },
    { name = "urllib3" },
]
sdist = { url = "https://files.pythonhosted.org/packages/ac/c3/e2a2b89f2d3e2179abd6d00ebd70bff6273f37fb3e0cc209f48b39d00cbf/requests-2.34.2.tar.gz", hash = "sha256:f288924cae4e29463698d6d60bc6a4da69c89185ad1e0bcc4104f584e960b9ed", size = 142856, upload-time = "2026-05-14T19:25:27.735Z" }
wheels = [
    { url = "https://files.pythonhosted.org/packages/a0/f4/c67b0b3f1b9245e8d266f0f112c500d50e5b4e83cb6f3b71b6528104182a/requests-2.34.2-py3-none-any.whl", hash = "sha256:2a0d60c172f83ac6ab31e4554906c0f3b3588d37b5cb939b1c061f4907e278e0", size = 73075, upload-time = "2026-05-14T19:25:26.443Z" },
]

[[package]]
name = "ruff"
version = "0.8.6"
source = { registry = "https://pypi.org/simple" }
sdist = { url = "https://files.pythonhosted.org/packages/da/00/089db7890ea3be5709e3ece6e46408d6f1e876026ec3fd081ee585fef209/ruff-0.8.6.tar.gz", hash = "sha256:dcad24b81b62650b0eb8814f576fc65cfee8674772a6e24c9b747911801eeaa5", size = 3473116, upload-time = "2025-01-04T12:23:00.794Z" }
wheels = [
    { url = "https://files.pythonhosted.org/packages/d7/28/aa07903694637c2fa394a9f4fe93cf861ad8b09f1282fa650ef07ff9fe97/ruff-0.8.6-py3-none-linux_armv6l.whl", hash = "sha256:defed167955d42c68b407e8f2e6f56ba52520e790aba4ca707a9c88619e580e3", size = 10628735, upload-time = "2025-01-04T12:21:53.632Z" },
    { url = "https://files.pythonhosted.org/packages/2b/43/827bb1448f1fcb0fb42e9c6edf8fb067ca8244923bf0ddf12b7bf949065c/ruff-0.8.6-py3-none-macosx_10_12_x86_64.whl", hash = "sha256:54799ca3d67ae5e0b7a7ac234baa657a9c1784b48ec954a094da7c206e0365b1", size = 10386758, upload-time = "2025-01-04T12:22:00.349Z" },
    { url = "https://files.pythonhosted.org/packages/df/93/fc852a81c3cd315b14676db3b8327d2bb2d7508649ad60bfdb966d60738d/ruff-0.8.6-py3-none-macosx_11_0_arm64.whl", hash = "sha256:e88b8f6d901477c41559ba540beeb5a671e14cd29ebd5683903572f4b40a9807", size = 10007808, upload-time = "2025-01-04T12:22:04.413Z" },
    { url = "https://files.pythonhosted.org/packages/94/e9/e0ed4af1794335fb280c4fac180f2bf40f6a3b859cae93a5a3ada27325ae/ruff-0.8.6-py3-none-manylinux_2_17_aarch64.manylinux2014_aarch64.whl", hash = "sha256:0509e8da430228236a18a677fcdb0c1f102dd26d5520f71f79b094963322ed25", size = 10861031, upload-time = "2025-01-04T12:22:09.252Z" },
    { url = "https://files.pythonhosted.org/packages/82/68/da0db02f5ecb2ce912c2bef2aa9fcb8915c31e9bc363969cfaaddbc4c1c2/ruff-0.8.6-py3-none-manylinux_2_17_armv7l.manylinux2014_armv7l.whl", hash = "sha256:91a7ddb221779871cf226100e677b5ea38c2d54e9e2c8ed847450ebbdf99b32d", size = 10388246, upload-time = "2025-01-04T12:22:12.63Z" },
    { url = "https://files.pythonhosted.org/packages/ac/1d/b85383db181639019b50eb277c2ee48f9f5168f4f7c287376f2b6e2a6dc2/ruff-0.8.6-py3-none-manylinux_2_17_i686.manylinux2014_i686.whl", hash = "sha256:248b1fb3f739d01d528cc50b35ee9c4812aa58cc5935998e776bf8ed5b251e75", size = 11424693, upload-time = "2025-01-04T12:22:17.244Z" },
    { url = "https://files.pythonhosted.org/packages/ac/b7/30bc78a37648d31bfc7ba7105b108cb9091cd925f249aa533038ebc5a96f/ruff-0.8.6-py3-none-manylinux_2_17_ppc64.manylinux2014_ppc64.whl", hash = "sha256:bc3c083c50390cf69e7e1b5a5a7303898966be973664ec0c4a4acea82c1d4315", size = 12141921, upload-time = "2025-01-04T12:22:20.456Z" },
    { url = "https://files.pythonhosted.org/packages/60/b3/ee0a14cf6a1fbd6965b601c88d5625d250b97caf0534181e151504498f86/ruff-0.8.6-py3-none-manylinux_2_17_ppc64le.manylinux2014_ppc64le.whl", hash = "sha256:52d587092ab8df308635762386f45f4638badb0866355b2b86760f6d3c076188", size = 11692419, upload-time = "2025-01-04T12:22:23.62Z" },
    { url = "https://files.pythonhosted.org/packages/ef/d6/c597062b2931ba3e3861e80bd2b147ca12b3370afc3889af46f29209037f/ruff-0.8.6-py3-none-manylinux_2_17_s390x.manylinux2014_s390x.whl", hash = "sha256:61323159cf21bc3897674e5adb27cd9e7700bab6b84de40d7be28c3d46dc67cf", size = 12981648, upload-time = "2025-01-04T12:22:26.663Z" },
    { url = "https://files.pythonhosted.org/packages/68/84/21f578c2a4144917985f1f4011171aeff94ab18dfa5303ac632da2f9af36/ruff-0.8.6-py3-none-manylinux_2_17_x86_64.manylinux2014_x86_64.whl", hash = "sha256:7ae4478b1471fc0c44ed52a6fb787e641a2ac58b1c1f91763bafbc2faddc5117", size = 11251801, upload-time = "2025-01-04T12:22:29.59Z" },
    { url = "https://files.pythonhosted.org/packages/6c/aa/1ac02537c8edeb13e0955b5db86b5c050a1dcba54f6d49ab567decaa59c1/ruff-0.8.6-py3-none-musllinux_1_2_aarch64.whl", hash = "sha256:0c000a471d519b3e6cfc9c6680025d923b4ca140ce3e4612d1a2ef58e11f11fe", size = 10849857, upload-time = "2025-01-04T12:22:33.536Z" },
    { url = "https://files.pythonhosted.org/packages/eb/00/020cb222252d833956cb3b07e0e40c9d4b984fbb2dc3923075c8f944497d/ruff-0.8.6-py3-none-musllinux_1_2_armv7l.whl", hash = "sha256:9257aa841e9e8d9b727423086f0fa9a86b6b420fbf4bf9e1465d1250ce8e4d8d", size = 10470852, upload-time = "2025-01-04T12:22:36.374Z" },
    { url = "https://files.pythonhosted.org/packages/00/56/e6d6578202a0141cd52299fe5acb38b2d873565f4670c7a5373b637cf58d/ruff-0.8.6-py3-none-musllinux_1_2_i686.whl", hash = "sha256:45a56f61b24682f6f6709636949ae8cc82ae229d8d773b4c76c09ec83964a95a", size = 10972997, upload-time = "2025-01-04T12:22:41.424Z" },
    { url = "https://files.pythonhosted.org/packages/be/31/dd0db1f4796bda30dea7592f106f3a67a8f00bcd3a50df889fbac58e2786/ruff-0.8.6-py3-none-musllinux_1_2_x86_64.whl", hash = "sha256:496dd38a53aa173481a7d8866bcd6451bd934d06976a2505028a50583e001b76", size = 11317760, upload-time = "2025-01-04T12:22:44.541Z" },
    { url = "https://files.pythonhosted.org/packages/d4/70/cfcb693dc294e034c6fed837fa2ec98b27cc97a26db5d049345364f504bf/ruff-0.8.6-py3-none-win32.whl", hash = "sha256:e169ea1b9eae61c99b257dc83b9ee6c76f89042752cb2d83486a7d6e48e8f764", size = 8799729, upload-time = "2025-01-04T12:22:49.016Z" },
    { url = "https://files.pythonhosted.org/packages/60/22/ae6bcaa0edc83af42751bd193138bfb7598b2990939d3e40494d6c00698c/ruff-0.8.6-py3-none-win_amd64.whl", hash = "sha256:f1d70bef3d16fdc897ee290d7d20da3cbe4e26349f62e8a0274e7a3f4ce7a905", size = 9673857, upload-time = "2025-01-04T12:22:53.052Z" },
    { url = "https://files.pythonhosted.org/packages/91/f8/3765e053acd07baa055c96b2065c7fab91f911b3c076dfea71006666f5b0/ruff-0.8.6-py3-none-win_arm64.whl", hash = "sha256:7d7fc2377a04b6e04ffe588caad613d0c460eb2ecba4c0ccbbfe2bc973cbc162", size = 9149556, upload-time = "2025-01-04T12:22:57.173Z" },
]

[[package]]
name = "setuptools"
version = "80.10.2"
source = { registry = "https://pypi.org/simple" }
sdist = { url = "https://files.pythonhosted.org/packages/76/95/faf61eb8363f26aa7e1d762267a8d602a1b26d4f3a1e758e92cb3cb8b054/setuptools-80.10.2.tar.gz", hash = "sha256:8b0e9d10c784bf7d262c4e5ec5d4ec94127ce206e8738f29a437945fbc219b70", size = 1200343, upload-time = "2026-01-25T22:38:17.252Z" }
wheels = [
    { url = "https://files.pythonhosted.org/packages/94/b8/f1f62a5e3c0ad2ff1d189590bfa4c46b4f3b6e49cef6f26c6ee4e575394d/setuptools-80.10.2-py3-none-any.whl", hash = "sha256:95b30ddfb717250edb492926c92b5221f7ef3fbcc2b07579bcd4a27da21d0173", size = 1064234, upload-time = "2026-01-25T22:38:15.216Z" },
]

[[package]]
name = "typing-extensions"
version = "4.15.0"
source = { registry = "https://pypi.org/simple" }
sdist = { url = "https://files.pythonhosted.org/packages/72/94/1a15dd82efb362ac84269196e94cf00f187f7ed21c242792a923cdb1c61f/typing_extensions-4.15.0.tar.gz", hash = "sha256:0cea48d173cc12fa28ecabc3b837ea3cf6f38c6d1136f85cbaaf598984861466", size = 109391, upload-time = "2025-08-25T13:49:26.313Z" }
wheels = [
    { url = "https://files.pythonhosted.org/packages/18/67/36e9267722cc04a6b9f15c7f3441c2363321a3ea07da7ae0c0707beb2a9c/typing_extensions-4.15.0-py3-none-any.whl", hash = "sha256:f0fa19c6845758ab08074a0cfa8b7aecb71c999ca73d62883bc25cc018c4e548", size = 44614, upload-time = "2025-08-25T13:49:24.86Z" },
]

[[package]]
name = "urllib3"
version = "2.7.0"
source = { registry = "https://pypi.org/simple" }
sdist = { url = "https://files.pythonhosted.org/packages/53/0c/06f8b233b8fd13b9e5ee11424ef85419ba0d8ba0b3138bf360be2ff56953/urllib3-2.7.0.tar.gz", hash = "sha256:231e0ec3b63ceb14667c67be60f2f2c40a518cb38b03af60abc813da26505f4c", size = 433602, upload-time = "2026-05-07T16:13:18.596Z" }
wheels = [
    { url = "https://files.pythonhosted.org/packages/7f/3e/5db95bcf282c52709639744ca2a8b149baccf648e39c8cc87553df9eae0c/urllib3-2.7.0-py3-none-any.whl", hash = "sha256:9fb4c81ebbb1ce9531cce37674bbc6f1360472bc18ca9a553ede278ef7276897", size = 131087, upload-time = "2026-05-07T16:13:17.151Z" },
]

[[package]]
name = "win32-setctime"
version = "1.2.0"
source = { registry = "https://pypi.org/simple" }
sdist = { url = "https://files.pythonhosted.org/packages/b3/8f/705086c9d734d3b663af0e9bb3d4de6578d08f46b1b101c2442fd9aecaa2/win32_setctime-1.2.0.tar.gz", hash = "sha256:ae1fdf948f5640aae05c511ade119313fb6a30d7eabe25fef9764dca5873c4c0", size = 4867, upload-time = "2024-12-07T15:28:28.314Z" }
wheels = [
    { url = "https://files.pythonhosted.org/packages/e1/07/c6fe3ad3e685340704d314d765b7912993bcb8dc198f0e7a89382d37974b/win32_setctime-1.2.0-py3-none-any.whl", hash = "sha256:95d644c4e708aba81dc3704a116d8cbc974d70b3bdb8be1d150e36be6e9d1390", size = 4083, upload-time = "2024-12-07T15:28:26.465Z" },
]
